// !$*UTF8*$!
{
	archiveVersion = 1;
	classes = {
	};
	objectVersion = 51;
	objects = {

/* Begin PBXBuildFile section */
		3A008BD2231F93CA00B9286B /* Localizable.stringsdict in Resources */ = {isa = PBXBuildFile; fileRef = 3A008BD4231F93CA00B9286B /* Localizable.stringsdict */; };
		3A008BDA231F965500B9286B /* Localizable.strings in Resources */ = {isa = PBXBuildFile; fileRef = 3A008BDC231F965500B9286B /* Localizable.strings */; };
		3A00A4EF238194B20011ACDC /* AppLockManager.swift in Sources */ = {isa = PBXBuildFile; fileRef = 3A00A4EE238194B20011ACDC /* AppLockManager.swift */; };
		3A00A50B2383187F0011ACDC /* JWT.swift in Sources */ = {isa = PBXBuildFile; fileRef = 3A00A50A2383187F0011ACDC /* JWT.swift */; };
		3A00A50D2383188A0011ACDC /* P8.swift in Sources */ = {isa = PBXBuildFile; fileRef = 3A00A50C2383188A0011ACDC /* P8.swift */; };
		3A00A510238323410011ACDC /* JWTError.swift in Sources */ = {isa = PBXBuildFile; fileRef = 3A00A50F238323410011ACDC /* JWTError.swift */; };
		3A00A513238323A20011ACDC /* Data+Extension.swift in Sources */ = {isa = PBXBuildFile; fileRef = 3A00A512238323A20011ACDC /* Data+Extension.swift */; };
		3A00A515238323BB0011ACDC /* ECPrivateKey.swift in Sources */ = {isa = PBXBuildFile; fileRef = 3A00A514238323BB0011ACDC /* ECPrivateKey.swift */; };
		3A00A517238323DA0011ACDC /* ECKeyData.swift in Sources */ = {isa = PBXBuildFile; fileRef = 3A00A516238323DA0011ACDC /* ECKeyData.swift */; };
		3A00A519238323EC0011ACDC /* ASN1.swift in Sources */ = {isa = PBXBuildFile; fileRef = 3A00A518238323EC0011ACDC /* ASN1.swift */; };
		3A0D5A19234E5E5B00F20BC3 /* CreateChallenge.storyboard in Resources */ = {isa = PBXBuildFile; fileRef = 3A0D5A18234E5E5B00F20BC3 /* CreateChallenge.storyboard */; };
		3A0D5A1B234E5E6F00F20BC3 /* CreateChallengeViewController.swift in Sources */ = {isa = PBXBuildFile; fileRef = 3A0D5A1A234E5E6F00F20BC3 /* CreateChallengeViewController.swift */; };
		3A0D5A1D234E5EAC00F20BC3 /* CreateChallengePresenter.swift in Sources */ = {isa = PBXBuildFile; fileRef = 3A0D5A1C234E5EAC00F20BC3 /* CreateChallengePresenter.swift */; };
		3A15514B232B7C8300265B89 /* R+Shortcuts.swift in Sources */ = {isa = PBXBuildFile; fileRef = 3A15514A232B7C8300265B89 /* R+Shortcuts.swift */; };
		3A2F572F2311B51800212317 /* AlertViewController.swift in Sources */ = {isa = PBXBuildFile; fileRef = 3A2F572E2311B51800212317 /* AlertViewController.swift */; };
		3A2F57312311B5BF00212317 /* AlertPresenter.swift in Sources */ = {isa = PBXBuildFile; fileRef = 3A2F57302311B5BF00212317 /* AlertPresenter.swift */; };
		3A2F573323125E2600212317 /* NSObject+NameOfClass.swift in Sources */ = {isa = PBXBuildFile; fileRef = 3A2F573223125E2600212317 /* NSObject+NameOfClass.swift */; };
		3A2F573523125E4000212317 /* UIViewController+Extension.swift in Sources */ = {isa = PBXBuildFile; fileRef = 3A2F573423125E4000212317 /* UIViewController+Extension.swift */; };
		3A2F573723125EEA00212317 /* Alert.storyboard in Resources */ = {isa = PBXBuildFile; fileRef = 3A2F573623125EEA00212317 /* Alert.storyboard */; };
		3A2F573A2312729800212317 /* LockStateRequestManager.swift in Sources */ = {isa = PBXBuildFile; fileRef = 3A2F57392312729800212317 /* LockStateRequestManager.swift */; };
		3A2F573C231272DF00212317 /* LockStateRequests.swift in Sources */ = {isa = PBXBuildFile; fileRef = 3A2F573B231272DF00212317 /* LockStateRequests.swift */; };
		3A47D65C230F18FB00B2B200 /* AppDelegate.swift in Sources */ = {isa = PBXBuildFile; fileRef = 3A47D65B230F18FB00B2B200 /* AppDelegate.swift */; };
		3A47D663230F18FC00B2B200 /* Assets.xcassets in Resources */ = {isa = PBXBuildFile; fileRef = 3A47D662230F18FC00B2B200 /* Assets.xcassets */; };
		3A47D666230F18FC00B2B200 /* LaunchScreen.storyboard in Resources */ = {isa = PBXBuildFile; fileRef = 3A47D664230F18FC00B2B200 /* LaunchScreen.storyboard */; };
		3A47D66F230F1CF300B2B200 /* API.swift in Sources */ = {isa = PBXBuildFile; fileRef = 3A47D66E230F1CF300B2B200 /* API.swift */; };
		3A47D671230F1D1A00B2B200 /* NetworkError.swift in Sources */ = {isa = PBXBuildFile; fileRef = 3A47D670230F1D1A00B2B200 /* NetworkError.swift */; };
		3A47D673230F1D3600B2B200 /* NetworkService.swift in Sources */ = {isa = PBXBuildFile; fileRef = 3A47D672230F1D3600B2B200 /* NetworkService.swift */; };
		3A47D676230F1D6A00B2B200 /* RequestBuilder.swift in Sources */ = {isa = PBXBuildFile; fileRef = 3A47D675230F1D6A00B2B200 /* RequestBuilder.swift */; };
		3A47D67D230F1E8100B2B200 /* Config.swift in Sources */ = {isa = PBXBuildFile; fileRef = 3A47D67C230F1E8100B2B200 /* Config.swift */; };
		3A47D67F230F1E8B00B2B200 /* Config.plist in Resources */ = {isa = PBXBuildFile; fileRef = 3A47D67E230F1E8B00B2B200 /* Config.plist */; };
		3A47D682230F217200B2B200 /* KeychainService.swift in Sources */ = {isa = PBXBuildFile; fileRef = 3A47D681230F217200B2B200 /* KeychainService.swift */; };
		3A5AF905240D7A4A00597FA6 /* GoogleService-Info.plist in Resources */ = {isa = PBXBuildFile; fileRef = 3A5AF904240D7A4A00597FA6 /* GoogleService-Info.plist */; };
		3A60A92E23336E520037E0A4 /* piano.wav in Resources */ = {isa = PBXBuildFile; fileRef = 3A60A92D23336E520037E0A4 /* piano.wav */; };
		3A8DB6682410D07600225DA4 /* R.generated.swift in Sources */ = {isa = PBXBuildFile; fileRef = 3A8DB6672410D07600225DA4 /* R.generated.swift */; };
		3A8DB68424117E1700225DA4 /* CreateChallengeConfigurator.swift in Sources */ = {isa = PBXBuildFile; fileRef = 3A8DB68324117E1700225DA4 /* CreateChallengeConfigurator.swift */; };
		3A8DB6882413B05C00225DA4 /* StartChallenge.swift in Sources */ = {isa = PBXBuildFile; fileRef = 3A8DB6872413B05C00225DA4 /* StartChallenge.swift */; };
		3A8DB68A2413B41500225DA4 /* UpdateChallengeUseCase.swift in Sources */ = {isa = PBXBuildFile; fileRef = 3A8DB6892413B41500225DA4 /* UpdateChallengeUseCase.swift */; };
		3A8DB68D2413EB7E00225DA4 /* CurrentChallnegeConfigurator.swift in Sources */ = {isa = PBXBuildFile; fileRef = 3A8DB68C2413EB7E00225DA4 /* CurrentChallnegeConfigurator.swift */; };
		3A8DB68F2413F5BD00225DA4 /* DisplayLastChallenge.swift in Sources */ = {isa = PBXBuildFile; fileRef = 3A8DB68E2413F5BD00225DA4 /* DisplayLastChallenge.swift */; };
		3A8DB6912413F71200225DA4 /* PageNavigationConfigurator.swift in Sources */ = {isa = PBXBuildFile; fileRef = 3A8DB6902413F71200225DA4 /* PageNavigationConfigurator.swift */; };
		3A9F9A6F2376FFC400022C38 /* StoreKit.framework in Frameworks */ = {isa = PBXBuildFile; fileRef = 3A9F9A6E2376FFC400022C38 /* StoreKit.framework */; };
		3A9F9A72237709B300022C38 /* LosingViewController.swift in Sources */ = {isa = PBXBuildFile; fileRef = 3A9F9A71237709B300022C38 /* LosingViewController.swift */; };
		3A9F9A74237709BD00022C38 /* LosingPresenter.swift in Sources */ = {isa = PBXBuildFile; fileRef = 3A9F9A73237709BD00022C38 /* LosingPresenter.swift */; };
		3A9F9A76237709C800022C38 /* Losing.storyboard in Resources */ = {isa = PBXBuildFile; fileRef = 3A9F9A75237709C800022C38 /* Losing.storyboard */; };
		3A9F9A792377200300022C38 /* PurchasesManager.swift in Sources */ = {isa = PBXBuildFile; fileRef = 3A9F9A782377200300022C38 /* PurchasesManager.swift */; };
		3AA1272A232ABC01004206E5 /* GuideViewController.swift in Sources */ = {isa = PBXBuildFile; fileRef = 3AA12729232ABC01004206E5 /* GuideViewController.swift */; };
		3AA1272E232ABC8D004206E5 /* CustomPageControl.swift in Sources */ = {isa = PBXBuildFile; fileRef = 3AA1272D232ABC8D004206E5 /* CustomPageControl.swift */; };
		3AA12730232ABD15004206E5 /* GuidePresenter.swift in Sources */ = {isa = PBXBuildFile; fileRef = 3AA1272F232ABD15004206E5 /* GuidePresenter.swift */; };
		3AA12733232ABDA9004206E5 /* PageCollectionViewCell.xib in Resources */ = {isa = PBXBuildFile; fileRef = 3AA12731232ABDA8004206E5 /* PageCollectionViewCell.xib */; };
		3AA12734232ABDA9004206E5 /* PageCollectionViewCell.swift in Sources */ = {isa = PBXBuildFile; fileRef = 3AA12732232ABDA8004206E5 /* PageCollectionViewCell.swift */; };
		3AA12738232ABDE5004206E5 /* PageProvider.swift in Sources */ = {isa = PBXBuildFile; fileRef = 3AA12737232ABDE5004206E5 /* PageProvider.swift */; };
		3AA12742232ABF93004206E5 /* PageModel.swift in Sources */ = {isa = PBXBuildFile; fileRef = 3AA12741232ABF93004206E5 /* PageModel.swift */; };
		3AB765CA231BDBC1007FA888 /* Router.swift in Sources */ = {isa = PBXBuildFile; fileRef = 3AB765C9231BDBC1007FA888 /* Router.swift */; };
		3AB765CD231C299F007FA888 /* Controllers.swift in Sources */ = {isa = PBXBuildFile; fileRef = 3AB765CC231C299F007FA888 /* Controllers.swift */; };
		3AB765CF231C29BE007FA888 /* ViewProtocol.swift in Sources */ = {isa = PBXBuildFile; fileRef = 3AB765CE231C29BE007FA888 /* ViewProtocol.swift */; };
		3AC223732364B22A0075C773 /* ChallengeManager.swift in Sources */ = {isa = PBXBuildFile; fileRef = 3AC223722364B22A0075C773 /* ChallengeManager.swift */; };
		3AC223782365AB840075C773 /* Date+Extensions.swift in Sources */ = {isa = PBXBuildFile; fileRef = 3AC223772365AB840075C773 /* Date+Extensions.swift */; };
		3AC2237A2365B3710075C773 /* Result+Success.swift in Sources */ = {isa = PBXBuildFile; fileRef = 3AC223792365B3710075C773 /* Result+Success.swift */; };
		3ACD2C50240C2D730017FABC /* DataBaseSchema.xcdatamodeld in Sources */ = {isa = PBXBuildFile; fileRef = 3ACD2C48240C2D730017FABC /* DataBaseSchema.xcdatamodeld */; };
		3ACD2C5D240C2DE60017FABC /* ChallengeCell.swift in Sources */ = {isa = PBXBuildFile; fileRef = 3ACD2C58240C2DE60017FABC /* ChallengeCell.swift */; };
		3ACD2C5E240C2DE60017FABC /* HistoryConfigurator.swift in Sources */ = {isa = PBXBuildFile; fileRef = 3ACD2C59240C2DE60017FABC /* HistoryConfigurator.swift */; };
		3ACD2C5F240C2DE60017FABC /* History.storyboard in Resources */ = {isa = PBXBuildFile; fileRef = 3ACD2C5A240C2DE60017FABC /* History.storyboard */; };
		3ACD2C60240C2DE60017FABC /* HistoryPresenter.swift in Sources */ = {isa = PBXBuildFile; fileRef = 3ACD2C5B240C2DE60017FABC /* HistoryPresenter.swift */; };
		3ACD2C61240C2DE60017FABC /* HistoryViewController.swift in Sources */ = {isa = PBXBuildFile; fileRef = 3ACD2C5C240C2DE60017FABC /* HistoryViewController.swift */; };
		3ACD2C74240C2E620017FABC /* Result.swift in Sources */ = {isa = PBXBuildFile; fileRef = 3ACD2C63240C2E620017FABC /* Result.swift */; };
		3ACD2C75240C2E620017FABC /* ChallengesGatewayProtocol.swift in Sources */ = {isa = PBXBuildFile; fileRef = 3ACD2C65240C2E620017FABC /* ChallengesGatewayProtocol.swift */; };
		3ACD2C76240C2E620017FABC /* AddChallenge.swift in Sources */ = {isa = PBXBuildFile; fileRef = 3ACD2C67240C2E620017FABC /* AddChallenge.swift */; };
		3ACD2C77240C2E620017FABC /* DisplayChallengesList.swift in Sources */ = {isa = PBXBuildFile; fileRef = 3ACD2C68240C2E620017FABC /* DisplayChallengesList.swift */; };
		3ACD2C78240C2E620017FABC /* DeleteChallenge.swift in Sources */ = {isa = PBXBuildFile; fileRef = 3ACD2C69240C2E620017FABC /* DeleteChallenge.swift */; };
		3ACD2C79240C2E620017FABC /* Challenge.swift in Sources */ = {isa = PBXBuildFile; fileRef = 3ACD2C6B240C2E620017FABC /* Challenge.swift */; };
		3ACD2C7A240C2E620017FABC /* CoreDataStack.swift in Sources */ = {isa = PBXBuildFile; fileRef = 3ACD2C6E240C2E620017FABC /* CoreDataStack.swift */; };
		3ACD2C7B240C2E620017FABC /* LocalPersistanceGateway.swift in Sources */ = {isa = PBXBuildFile; fileRef = 3ACD2C70240C2E620017FABC /* LocalPersistanceGateway.swift */; };
		3ACD2C7C240C2E620017FABC /* NSManagedObjectContext-Utils.swift in Sources */ = {isa = PBXBuildFile; fileRef = 3ACD2C71240C2E620017FABC /* NSManagedObjectContext-Utils.swift */; };
		3ACD2C7D240C2E620017FABC /* CDChallenge.swift in Sources */ = {isa = PBXBuildFile; fileRef = 3ACD2C73240C2E620017FABC /* CDChallenge.swift */; };
		3ACD2C7F240C2EB00017FABC /* Guide.storyboard in Resources */ = {isa = PBXBuildFile; fileRef = 3ACD2C7E240C2EB00017FABC /* Guide.storyboard */; };
		3ACD2C87240CD6210017FABC /* ConcentrationTrackerTests.swift in Sources */ = {isa = PBXBuildFile; fileRef = 3ACD2C86240CD6210017FABC /* ConcentrationTrackerTests.swift */; };
		3ACD2C8F240CD6670017FABC /* InMemoryCoreDataStack.swift in Sources */ = {isa = PBXBuildFile; fileRef = 3ACD2C8E240CD6670017FABC /* InMemoryCoreDataStack.swift */; };
		3ACD2C91240CD70E0017FABC /* NSManagedObjectContextSpy.swift in Sources */ = {isa = PBXBuildFile; fileRef = 3ACD2C90240CD70E0017FABC /* NSManagedObjectContextSpy.swift */; };
		3ACD2C93240CD79A0017FABC /* HistoryPresenterStub.swift in Sources */ = {isa = PBXBuildFile; fileRef = 3ACD2C92240CD79A0017FABC /* HistoryPresenterStub.swift */; };
		3ACD2C98240CDA110017FABC /* AddChallengeParameters.swift in Sources */ = {isa = PBXBuildFile; fileRef = 3ACD2C97240CDA110017FABC /* AddChallengeParameters.swift */; };
		3AD068962358ED09003D30A6 /* PageNavigation.storyboard in Resources */ = {isa = PBXBuildFile; fileRef = 3AD068952358ED09003D30A6 /* PageNavigation.storyboard */; };
		3AD068982358ED1D003D30A6 /* PageNavigationViewController.swift in Sources */ = {isa = PBXBuildFile; fileRef = 3AD068972358ED1D003D30A6 /* PageNavigationViewController.swift */; };
		3AD0689A2358F085003D30A6 /* PageNavigationPresenter.swift in Sources */ = {isa = PBXBuildFile; fileRef = 3AD068992358F085003D30A6 /* PageNavigationPresenter.swift */; };
		3AD0689F235B175B003D30A6 /* PageCell.swift in Sources */ = {isa = PBXBuildFile; fileRef = 3AD0689E235B175B003D30A6 /* PageCell.swift */; };
		3AD068B4236026DE003D30A6 /* UIView+Extension.swift in Sources */ = {isa = PBXBuildFile; fileRef = 3AD068B3236026DE003D30A6 /* UIView+Extension.swift */; };
		54008D8B237C9F2D0072EC00 /* SongModel.swift in Sources */ = {isa = PBXBuildFile; fileRef = 54008D8A237C9F2D0072EC00 /* SongModel.swift */; };
		54008D8D237CA0EA0072EC00 /* MusicSelectPresenter.swift in Sources */ = {isa = PBXBuildFile; fileRef = 54008D8C237CA0EA0072EC00 /* MusicSelectPresenter.swift */; };
		5432586E237A01A10082DEB0 /* water-1.mp3 in Resources */ = {isa = PBXBuildFile; fileRef = 5432586D237A01A10082DEB0 /* water-1.mp3 */; };
		54325870237A01A80082DEB0 /* water-0.mp3 in Resources */ = {isa = PBXBuildFile; fileRef = 5432586F237A01A70082DEB0 /* water-0.mp3 */; };
		54325872237A01AF0082DEB0 /* space-1.mp3 in Resources */ = {isa = PBXBuildFile; fileRef = 54325871237A01AF0082DEB0 /* space-1.mp3 */; };
		54325874237A01BB0082DEB0 /* space-0.mp3 in Resources */ = {isa = PBXBuildFile; fileRef = 54325873237A01BB0082DEB0 /* space-0.mp3 */; };
		54325876237A01C20082DEB0 /* birds-1.mp3 in Resources */ = {isa = PBXBuildFile; fileRef = 54325875237A01C10082DEB0 /* birds-1.mp3 */; };
		54325878237A01C60082DEB0 /* birds-0.mp3 in Resources */ = {isa = PBXBuildFile; fileRef = 54325877237A01C60082DEB0 /* birds-0.mp3 */; };
		5432587A237A094D0082DEB0 /* SongSelectCell.swift in Sources */ = {isa = PBXBuildFile; fileRef = 54325879237A094D0082DEB0 /* SongSelectCell.swift */; };
		544EC47F233BAA7300417DAF /* MainButton.swift in Sources */ = {isa = PBXBuildFile; fileRef = 544EC47E233BAA7300417DAF /* MainButton.swift */; };
		544EC485233BB04800417DAF /* UIButton+Factory.swift in Sources */ = {isa = PBXBuildFile; fileRef = 544EC484233BB04800417DAF /* UIButton+Factory.swift */; };
		546A863123845D78003DDC36 /* SoundManager.swift in Sources */ = {isa = PBXBuildFile; fileRef = 546A863023845D78003DDC36 /* SoundManager.swift */; };
		547174DD233BA78B000D2AC5 /* SourceSansPro-Light.otf in Resources */ = {isa = PBXBuildFile; fileRef = 547174C0233BA78B000D2AC5 /* SourceSansPro-Light.otf */; };
		547174DE233BA78B000D2AC5 /* SourceSansPro-LightIt.otf in Resources */ = {isa = PBXBuildFile; fileRef = 547174C1233BA78B000D2AC5 /* SourceSansPro-LightIt.otf */; };
		547174DF233BA78B000D2AC5 /* Oswald-LightItalic.ttf in Resources */ = {isa = PBXBuildFile; fileRef = 547174C2233BA78B000D2AC5 /* Oswald-LightItalic.ttf */; };
		547174E0233BA78B000D2AC5 /* SourceSansPro-SemiboldIt.otf in Resources */ = {isa = PBXBuildFile; fileRef = 547174C3233BA78B000D2AC5 /* SourceSansPro-SemiboldIt.otf */; };
		547174E1233BA78B000D2AC5 /* MuseoSans-900Italic.otf in Resources */ = {isa = PBXBuildFile; fileRef = 547174C4233BA78B000D2AC5 /* MuseoSans-900Italic.otf */; };
		547174E2233BA78B000D2AC5 /* SIL Open Font License.txt in Resources */ = {isa = PBXBuildFile; fileRef = 547174C5233BA78B000D2AC5 /* SIL Open Font License.txt */; };
		547174E3233BA78B000D2AC5 /* SourceSansPro-It.otf in Resources */ = {isa = PBXBuildFile; fileRef = 547174C6233BA78B000D2AC5 /* SourceSansPro-It.otf */; };
		547174E4233BA78B000D2AC5 /* SourceSansPro-Bold.otf in Resources */ = {isa = PBXBuildFile; fileRef = 547174C7233BA78B000D2AC5 /* SourceSansPro-Bold.otf */; };
		547174E5233BA78B000D2AC5 /* MuseoSans-500Italic.otf in Resources */ = {isa = PBXBuildFile; fileRef = 547174C8233BA78B000D2AC5 /* MuseoSans-500Italic.otf */; };
		547174E6233BA78B000D2AC5 /* SourceSansPro-Regular.otf in Resources */ = {isa = PBXBuildFile; fileRef = 547174C9233BA78B000D2AC5 /* SourceSansPro-Regular.otf */; };
		547174E7233BA78B000D2AC5 /* SourceSansPro-BoldIt.otf in Resources */ = {isa = PBXBuildFile; fileRef = 547174CA233BA78B000D2AC5 /* SourceSansPro-BoldIt.otf */; };
		547174E8233BA78B000D2AC5 /* SourceSansPro-BlackIt.otf in Resources */ = {isa = PBXBuildFile; fileRef = 547174CB233BA78B000D2AC5 /* SourceSansPro-BlackIt.otf */; };
		547174E9233BA78B000D2AC5 /* MuseoSans-900.otf in Resources */ = {isa = PBXBuildFile; fileRef = 547174CC233BA78B000D2AC5 /* MuseoSans-900.otf */; };
		547174EA233BA78B000D2AC5 /* SourceSansPro-ExtraLightIt.otf in Resources */ = {isa = PBXBuildFile; fileRef = 547174CD233BA78B000D2AC5 /* SourceSansPro-ExtraLightIt.otf */; };
		547174EB233BA78B000D2AC5 /* MuseoSans-300Italic.otf in Resources */ = {isa = PBXBuildFile; fileRef = 547174CE233BA78B000D2AC5 /* MuseoSans-300Italic.otf */; };
		547174EC233BA78B000D2AC5 /* MuseoSans-300.otf in Resources */ = {isa = PBXBuildFile; fileRef = 547174CF233BA78B000D2AC5 /* MuseoSans-300.otf */; };
		547174ED233BA78B000D2AC5 /* Oswald-Regular.ttf in Resources */ = {isa = PBXBuildFile; fileRef = 547174D0233BA78B000D2AC5 /* Oswald-Regular.ttf */; };
		547174EE233BA78B000D2AC5 /* MuseoSans-100.otf in Resources */ = {isa = PBXBuildFile; fileRef = 547174D1233BA78B000D2AC5 /* MuseoSans-100.otf */; };
		547174EF233BA78B000D2AC5 /* SourceSansPro-ExtraLight.otf in Resources */ = {isa = PBXBuildFile; fileRef = 547174D2233BA78B000D2AC5 /* SourceSansPro-ExtraLight.otf */; };
		547174F0233BA78B000D2AC5 /* MuseoSans-500.otf in Resources */ = {isa = PBXBuildFile; fileRef = 547174D3233BA78B000D2AC5 /* MuseoSans-500.otf */; };
		547174F1233BA78B000D2AC5 /* MuseoSans-100Italic.otf in Resources */ = {isa = PBXBuildFile; fileRef = 547174D4233BA78B000D2AC5 /* MuseoSans-100Italic.otf */; };
		547174F2233BA78B000D2AC5 /* SourceSansPro-Semibold.otf in Resources */ = {isa = PBXBuildFile; fileRef = 547174D5233BA78B000D2AC5 /* SourceSansPro-Semibold.otf */; };
		547174F3233BA78B000D2AC5 /* MuseoSans-700.otf in Resources */ = {isa = PBXBuildFile; fileRef = 547174D6233BA78B000D2AC5 /* MuseoSans-700.otf */; };
		547174F4233BA78B000D2AC5 /* Oswald-DemiBold.ttf in Resources */ = {isa = PBXBuildFile; fileRef = 547174D7233BA78B000D2AC5 /* Oswald-DemiBold.ttf */; };
		547174F5233BA78B000D2AC5 /* Oswald-RegularItalic.ttf in Resources */ = {isa = PBXBuildFile; fileRef = 547174D8233BA78B000D2AC5 /* Oswald-RegularItalic.ttf */; };
		547174F6233BA78B000D2AC5 /* SourceSansPro-Black.otf in Resources */ = {isa = PBXBuildFile; fileRef = 547174D9233BA78B000D2AC5 /* SourceSansPro-Black.otf */; };
		547174F7233BA78B000D2AC5 /* Oswald-Demi-BoldItalic.ttf in Resources */ = {isa = PBXBuildFile; fileRef = 547174DA233BA78B000D2AC5 /* Oswald-Demi-BoldItalic.ttf */; };
		547174F8233BA78B000D2AC5 /* Oswald-Light.ttf in Resources */ = {isa = PBXBuildFile; fileRef = 547174DB233BA78B000D2AC5 /* Oswald-Light.ttf */; };
		547174F9233BA78B000D2AC5 /* MuseoSans-700Italic.otf in Resources */ = {isa = PBXBuildFile; fileRef = 547174DC233BA78B000D2AC5 /* MuseoSans-700Italic.otf */; };
		54B9D76E2378B89D00752B2A /* MusicSelectViewController.swift in Sources */ = {isa = PBXBuildFile; fileRef = 54B9D76D2378B89D00752B2A /* MusicSelectViewController.swift */; };
		54B9D7702378B98500752B2A /* SettingsPresenter.swift in Sources */ = {isa = PBXBuildFile; fileRef = 54B9D76F2378B98500752B2A /* SettingsPresenter.swift */; };
		54C2AB8D2378A71700BB2D90 /* SettingsViewController.swift in Sources */ = {isa = PBXBuildFile; fileRef = 54C2AB8C2378A71700BB2D90 /* SettingsViewController.swift */; };
		54C2AB8F2378A79B00BB2D90 /* Settings.storyboard in Resources */ = {isa = PBXBuildFile; fileRef = 54C2AB8E2378A79B00BB2D90 /* Settings.storyboard */; };
		C13CFA1F23660F340022863E /* CurrentChallenge.storyboard in Resources */ = {isa = PBXBuildFile; fileRef = C13CFA1E23660F340022863E /* CurrentChallenge.storyboard */; };
		C13CFA2123660F5B0022863E /* CurrentChallengeViewController.swift in Sources */ = {isa = PBXBuildFile; fileRef = C13CFA2023660F5B0022863E /* CurrentChallengeViewController.swift */; };
		C13CFA2323660F8C0022863E /* CurrentChallengePresenter.swift in Sources */ = {isa = PBXBuildFile; fileRef = C13CFA2223660F8C0022863E /* CurrentChallengePresenter.swift */; };
		C1FE2042234FB36A00377004 /* NotificationManager.swift in Sources */ = {isa = PBXBuildFile; fileRef = C1FE2041234FB36A00377004 /* NotificationManager.swift */; };
		E291072FF5B6C54E06650824 /* Pods_Concentration_tracker.framework in Frameworks */ = {isa = PBXBuildFile; fileRef = DF4C72E9AC4F520B30B06ABF /* Pods_Concentration_tracker.framework */; };
/* End PBXBuildFile section */

/* Begin PBXContainerItemProxy section */
		3ACD2C89240CD6210017FABC /* PBXContainerItemProxy */ = {
			isa = PBXContainerItemProxy;
			containerPortal = 3A47D650230F18FB00B2B200 /* Project object */;
			proxyType = 1;
			remoteGlobalIDString = 3A47D657230F18FB00B2B200;
			remoteInfo = "Concentration tracker";
		};
/* End PBXContainerItemProxy section */

/* Begin PBXFileReference section */
		3A008BD3231F93CA00B9286B /* en */ = {isa = PBXFileReference; lastKnownFileType = text.plist.stringsdict; name = en; path = en.lproj/Localizable.stringsdict; sourceTree = "<group>"; };
		3A008BD5231F93FA00B9286B /* ru */ = {isa = PBXFileReference; lastKnownFileType = text.plist.stringsdict; name = ru; path = ru.lproj/Localizable.stringsdict; sourceTree = "<group>"; };
		3A008BD6231F93FA00B9286B /* ru */ = {isa = PBXFileReference; lastKnownFileType = text.plist.strings; name = ru; path = ru.lproj/LaunchScreen.strings; sourceTree = "<group>"; };
		3A008BDB231F965500B9286B /* ru */ = {isa = PBXFileReference; lastKnownFileType = text.plist.strings; name = ru; path = ru.lproj/Localizable.strings; sourceTree = "<group>"; };
		3A008BDD231F966400B9286B /* en */ = {isa = PBXFileReference; lastKnownFileType = text.plist.strings; name = en; path = en.lproj/Localizable.strings; sourceTree = "<group>"; };
		3A00A4EE238194B20011ACDC /* AppLockManager.swift */ = {isa = PBXFileReference; lastKnownFileType = sourcecode.swift; path = AppLockManager.swift; sourceTree = "<group>"; };
		3A00A50A2383187F0011ACDC /* JWT.swift */ = {isa = PBXFileReference; lastKnownFileType = sourcecode.swift; path = JWT.swift; sourceTree = "<group>"; };
		3A00A50C2383188A0011ACDC /* P8.swift */ = {isa = PBXFileReference; lastKnownFileType = sourcecode.swift; path = P8.swift; sourceTree = "<group>"; };
		3A00A50F238323410011ACDC /* JWTError.swift */ = {isa = PBXFileReference; lastKnownFileType = sourcecode.swift; path = JWTError.swift; sourceTree = "<group>"; };
		3A00A512238323A20011ACDC /* Data+Extension.swift */ = {isa = PBXFileReference; lastKnownFileType = sourcecode.swift; path = "Data+Extension.swift"; sourceTree = "<group>"; };
		3A00A514238323BB0011ACDC /* ECPrivateKey.swift */ = {isa = PBXFileReference; lastKnownFileType = sourcecode.swift; path = ECPrivateKey.swift; sourceTree = "<group>"; };
		3A00A516238323DA0011ACDC /* ECKeyData.swift */ = {isa = PBXFileReference; lastKnownFileType = sourcecode.swift; path = ECKeyData.swift; sourceTree = "<group>"; };
		3A00A518238323EC0011ACDC /* ASN1.swift */ = {isa = PBXFileReference; lastKnownFileType = sourcecode.swift; path = ASN1.swift; sourceTree = "<group>"; };
		3A0D5A18234E5E5B00F20BC3 /* CreateChallenge.storyboard */ = {isa = PBXFileReference; lastKnownFileType = file.storyboard; path = CreateChallenge.storyboard; sourceTree = "<group>"; };
		3A0D5A1A234E5E6F00F20BC3 /* CreateChallengeViewController.swift */ = {isa = PBXFileReference; lastKnownFileType = sourcecode.swift; path = CreateChallengeViewController.swift; sourceTree = "<group>"; };
		3A0D5A1C234E5EAC00F20BC3 /* CreateChallengePresenter.swift */ = {isa = PBXFileReference; lastKnownFileType = sourcecode.swift; path = CreateChallengePresenter.swift; sourceTree = "<group>"; };
		3A15514A232B7C8300265B89 /* R+Shortcuts.swift */ = {isa = PBXFileReference; lastKnownFileType = sourcecode.swift; path = "R+Shortcuts.swift"; sourceTree = "<group>"; };
		3A2F572E2311B51800212317 /* AlertViewController.swift */ = {isa = PBXFileReference; lastKnownFileType = sourcecode.swift; path = AlertViewController.swift; sourceTree = "<group>"; };
		3A2F57302311B5BF00212317 /* AlertPresenter.swift */ = {isa = PBXFileReference; lastKnownFileType = sourcecode.swift; path = AlertPresenter.swift; sourceTree = "<group>"; };
		3A2F573223125E2600212317 /* NSObject+NameOfClass.swift */ = {isa = PBXFileReference; lastKnownFileType = sourcecode.swift; path = "NSObject+NameOfClass.swift"; sourceTree = "<group>"; };
		3A2F573423125E4000212317 /* UIViewController+Extension.swift */ = {isa = PBXFileReference; lastKnownFileType = sourcecode.swift; path = "UIViewController+Extension.swift"; sourceTree = "<group>"; };
		3A2F573623125EEA00212317 /* Alert.storyboard */ = {isa = PBXFileReference; lastKnownFileType = file.storyboard; path = Alert.storyboard; sourceTree = "<group>"; };
		3A2F57392312729800212317 /* LockStateRequestManager.swift */ = {isa = PBXFileReference; lastKnownFileType = sourcecode.swift; path = LockStateRequestManager.swift; sourceTree = "<group>"; };
		3A2F573B231272DF00212317 /* LockStateRequests.swift */ = {isa = PBXFileReference; lastKnownFileType = sourcecode.swift; path = LockStateRequests.swift; sourceTree = "<group>"; };
		3A47D658230F18FB00B2B200 /* Concentration tracker.app */ = {isa = PBXFileReference; explicitFileType = wrapper.application; includeInIndex = 0; path = "Concentration tracker.app"; sourceTree = BUILT_PRODUCTS_DIR; };
		3A47D65B230F18FB00B2B200 /* AppDelegate.swift */ = {isa = PBXFileReference; lastKnownFileType = sourcecode.swift; path = AppDelegate.swift; sourceTree = "<group>"; };
		3A47D662230F18FC00B2B200 /* Assets.xcassets */ = {isa = PBXFileReference; lastKnownFileType = folder.assetcatalog; path = Assets.xcassets; sourceTree = "<group>"; };
		3A47D665230F18FC00B2B200 /* Base */ = {isa = PBXFileReference; lastKnownFileType = file.storyboard; name = Base; path = Base.lproj/LaunchScreen.storyboard; sourceTree = "<group>"; };
		3A47D66E230F1CF300B2B200 /* API.swift */ = {isa = PBXFileReference; lastKnownFileType = sourcecode.swift; path = API.swift; sourceTree = "<group>"; };
		3A47D670230F1D1A00B2B200 /* NetworkError.swift */ = {isa = PBXFileReference; lastKnownFileType = sourcecode.swift; path = NetworkError.swift; sourceTree = "<group>"; };
		3A47D672230F1D3600B2B200 /* NetworkService.swift */ = {isa = PBXFileReference; lastKnownFileType = sourcecode.swift; path = NetworkService.swift; sourceTree = "<group>"; };
		3A47D675230F1D6A00B2B200 /* RequestBuilder.swift */ = {isa = PBXFileReference; lastKnownFileType = sourcecode.swift; path = RequestBuilder.swift; sourceTree = "<group>"; };
		3A47D67C230F1E8100B2B200 /* Config.swift */ = {isa = PBXFileReference; lastKnownFileType = sourcecode.swift; path = Config.swift; sourceTree = "<group>"; };
		3A47D67E230F1E8B00B2B200 /* Config.plist */ = {isa = PBXFileReference; lastKnownFileType = text.plist.xml; path = Config.plist; sourceTree = "<group>"; };
		3A47D681230F217200B2B200 /* KeychainService.swift */ = {isa = PBXFileReference; lastKnownFileType = sourcecode.swift; path = KeychainService.swift; sourceTree = "<group>"; };
		3A5AF904240D7A4A00597FA6 /* GoogleService-Info.plist */ = {isa = PBXFileReference; fileEncoding = 4; lastKnownFileType = text.plist.xml; path = "GoogleService-Info.plist"; sourceTree = "<group>"; };
		3A60A92D23336E520037E0A4 /* piano.wav */ = {isa = PBXFileReference; lastKnownFileType = audio.wav; path = piano.wav; sourceTree = "<group>"; };
		3A8DB6672410D07600225DA4 /* R.generated.swift */ = {isa = PBXFileReference; fileEncoding = 4; lastKnownFileType = sourcecode.swift; path = R.generated.swift; sourceTree = SOURCE_ROOT; };
		3A8DB66B2410D7F900225DA4 /* Info.plist */ = {isa = PBXFileReference; fileEncoding = 4; lastKnownFileType = text.plist.xml; path = Info.plist; sourceTree = "<group>"; };
		3A8DB68324117E1700225DA4 /* CreateChallengeConfigurator.swift */ = {isa = PBXFileReference; lastKnownFileType = sourcecode.swift; path = CreateChallengeConfigurator.swift; sourceTree = "<group>"; };
		3A8DB6872413B05C00225DA4 /* StartChallenge.swift */ = {isa = PBXFileReference; lastKnownFileType = sourcecode.swift; path = StartChallenge.swift; sourceTree = "<group>"; };
		3A8DB6892413B41500225DA4 /* UpdateChallengeUseCase.swift */ = {isa = PBXFileReference; lastKnownFileType = sourcecode.swift; path = UpdateChallengeUseCase.swift; sourceTree = "<group>"; };
		3A8DB68C2413EB7E00225DA4 /* CurrentChallnegeConfigurator.swift */ = {isa = PBXFileReference; lastKnownFileType = sourcecode.swift; path = CurrentChallnegeConfigurator.swift; sourceTree = "<group>"; };
		3A8DB68E2413F5BD00225DA4 /* DisplayLastChallenge.swift */ = {isa = PBXFileReference; lastKnownFileType = sourcecode.swift; path = DisplayLastChallenge.swift; sourceTree = "<group>"; };
		3A8DB6902413F71200225DA4 /* PageNavigationConfigurator.swift */ = {isa = PBXFileReference; lastKnownFileType = sourcecode.swift; path = PageNavigationConfigurator.swift; sourceTree = "<group>"; };
		3A9F9A6E2376FFC400022C38 /* StoreKit.framework */ = {isa = PBXFileReference; lastKnownFileType = wrapper.framework; name = StoreKit.framework; path = System/Library/Frameworks/StoreKit.framework; sourceTree = SDKROOT; };
		3A9F9A71237709B300022C38 /* LosingViewController.swift */ = {isa = PBXFileReference; lastKnownFileType = sourcecode.swift; path = LosingViewController.swift; sourceTree = "<group>"; };
		3A9F9A73237709BD00022C38 /* LosingPresenter.swift */ = {isa = PBXFileReference; lastKnownFileType = sourcecode.swift; path = LosingPresenter.swift; sourceTree = "<group>"; };
		3A9F9A75237709C800022C38 /* Losing.storyboard */ = {isa = PBXFileReference; lastKnownFileType = file.storyboard; path = Losing.storyboard; sourceTree = "<group>"; };
		3A9F9A782377200300022C38 /* PurchasesManager.swift */ = {isa = PBXFileReference; lastKnownFileType = sourcecode.swift; path = PurchasesManager.swift; sourceTree = "<group>"; };
		3AA12729232ABC01004206E5 /* GuideViewController.swift */ = {isa = PBXFileReference; lastKnownFileType = sourcecode.swift; path = GuideViewController.swift; sourceTree = "<group>"; };
		3AA1272D232ABC8D004206E5 /* CustomPageControl.swift */ = {isa = PBXFileReference; lastKnownFileType = sourcecode.swift; path = CustomPageControl.swift; sourceTree = "<group>"; };
		3AA1272F232ABD15004206E5 /* GuidePresenter.swift */ = {isa = PBXFileReference; lastKnownFileType = sourcecode.swift; path = GuidePresenter.swift; sourceTree = "<group>"; };
		3AA12731232ABDA8004206E5 /* PageCollectionViewCell.xib */ = {isa = PBXFileReference; fileEncoding = 4; lastKnownFileType = file.xib; name = PageCollectionViewCell.xib; path = "Concentration tracker/Modules/Guide/Views/Cells/PageCollectionViewCell.xib"; sourceTree = SOURCE_ROOT; };
		3AA12732232ABDA8004206E5 /* PageCollectionViewCell.swift */ = {isa = PBXFileReference; fileEncoding = 4; lastKnownFileType = sourcecode.swift; name = PageCollectionViewCell.swift; path = "Concentration tracker/Modules/Guide/Views/Cells/PageCollectionViewCell.swift"; sourceTree = SOURCE_ROOT; };
		3AA12737232ABDE5004206E5 /* PageProvider.swift */ = {isa = PBXFileReference; fileEncoding = 4; lastKnownFileType = sourcecode.swift; name = PageProvider.swift; path = "Concentration tracker/Modules/Main/PageProvider.swift"; sourceTree = SOURCE_ROOT; };
		3AA12741232ABF93004206E5 /* PageModel.swift */ = {isa = PBXFileReference; fileEncoding = 4; lastKnownFileType = sourcecode.swift; name = PageModel.swift; path = "Concentration tracker/Modules/Guide/Models/PageModel.swift"; sourceTree = SOURCE_ROOT; };
		3AB765C9231BDBC1007FA888 /* Router.swift */ = {isa = PBXFileReference; lastKnownFileType = sourcecode.swift; path = Router.swift; sourceTree = "<group>"; };
		3AB765CC231C299F007FA888 /* Controllers.swift */ = {isa = PBXFileReference; lastKnownFileType = sourcecode.swift; path = Controllers.swift; sourceTree = "<group>"; };
		3AB765CE231C29BE007FA888 /* ViewProtocol.swift */ = {isa = PBXFileReference; lastKnownFileType = sourcecode.swift; path = ViewProtocol.swift; sourceTree = "<group>"; };
		3AC223722364B22A0075C773 /* ChallengeManager.swift */ = {isa = PBXFileReference; lastKnownFileType = sourcecode.swift; path = ChallengeManager.swift; sourceTree = "<group>"; };
		3AC223772365AB840075C773 /* Date+Extensions.swift */ = {isa = PBXFileReference; lastKnownFileType = sourcecode.swift; path = "Date+Extensions.swift"; sourceTree = "<group>"; };
		3AC223792365B3710075C773 /* Result+Success.swift */ = {isa = PBXFileReference; lastKnownFileType = sourcecode.swift; path = "Result+Success.swift"; sourceTree = "<group>"; };
		3ACD2C49240C2D730017FABC /* ChallengeCoreData.xcdatamodel */ = {isa = PBXFileReference; lastKnownFileType = wrapper.xcdatamodel; path = ChallengeCoreData.xcdatamodel; sourceTree = "<group>"; };
		3ACD2C58240C2DE60017FABC /* ChallengeCell.swift */ = {isa = PBXFileReference; fileEncoding = 4; lastKnownFileType = sourcecode.swift; path = ChallengeCell.swift; sourceTree = "<group>"; };
		3ACD2C59240C2DE60017FABC /* HistoryConfigurator.swift */ = {isa = PBXFileReference; fileEncoding = 4; lastKnownFileType = sourcecode.swift; path = HistoryConfigurator.swift; sourceTree = "<group>"; };
		3ACD2C5A240C2DE60017FABC /* History.storyboard */ = {isa = PBXFileReference; fileEncoding = 4; lastKnownFileType = file.storyboard; path = History.storyboard; sourceTree = "<group>"; };
		3ACD2C5B240C2DE60017FABC /* HistoryPresenter.swift */ = {isa = PBXFileReference; fileEncoding = 4; lastKnownFileType = sourcecode.swift; path = HistoryPresenter.swift; sourceTree = "<group>"; };
		3ACD2C5C240C2DE60017FABC /* HistoryViewController.swift */ = {isa = PBXFileReference; fileEncoding = 4; lastKnownFileType = sourcecode.swift; path = HistoryViewController.swift; sourceTree = "<group>"; };
		3ACD2C63240C2E620017FABC /* Result.swift */ = {isa = PBXFileReference; fileEncoding = 4; lastKnownFileType = sourcecode.swift; path = Result.swift; sourceTree = "<group>"; };
		3ACD2C65240C2E620017FABC /* ChallengesGatewayProtocol.swift */ = {isa = PBXFileReference; fileEncoding = 4; lastKnownFileType = sourcecode.swift; path = ChallengesGatewayProtocol.swift; sourceTree = "<group>"; };
		3ACD2C67240C2E620017FABC /* AddChallenge.swift */ = {isa = PBXFileReference; fileEncoding = 4; lastKnownFileType = sourcecode.swift; path = AddChallenge.swift; sourceTree = "<group>"; };
		3ACD2C68240C2E620017FABC /* DisplayChallengesList.swift */ = {isa = PBXFileReference; fileEncoding = 4; lastKnownFileType = sourcecode.swift; path = DisplayChallengesList.swift; sourceTree = "<group>"; };
		3ACD2C69240C2E620017FABC /* DeleteChallenge.swift */ = {isa = PBXFileReference; fileEncoding = 4; lastKnownFileType = sourcecode.swift; path = DeleteChallenge.swift; sourceTree = "<group>"; };
		3ACD2C6B240C2E620017FABC /* Challenge.swift */ = {isa = PBXFileReference; fileEncoding = 4; lastKnownFileType = sourcecode.swift; path = Challenge.swift; sourceTree = "<group>"; };
		3ACD2C6E240C2E620017FABC /* CoreDataStack.swift */ = {isa = PBXFileReference; fileEncoding = 4; lastKnownFileType = sourcecode.swift; path = CoreDataStack.swift; sourceTree = "<group>"; };
		3ACD2C70240C2E620017FABC /* LocalPersistanceGateway.swift */ = {isa = PBXFileReference; fileEncoding = 4; lastKnownFileType = sourcecode.swift; path = LocalPersistanceGateway.swift; sourceTree = "<group>"; };
		3ACD2C71240C2E620017FABC /* NSManagedObjectContext-Utils.swift */ = {isa = PBXFileReference; fileEncoding = 4; lastKnownFileType = sourcecode.swift; path = "NSManagedObjectContext-Utils.swift"; sourceTree = "<group>"; };
		3ACD2C73240C2E620017FABC /* CDChallenge.swift */ = {isa = PBXFileReference; fileEncoding = 4; lastKnownFileType = sourcecode.swift; path = CDChallenge.swift; sourceTree = "<group>"; };
		3ACD2C7E240C2EB00017FABC /* Guide.storyboard */ = {isa = PBXFileReference; fileEncoding = 4; lastKnownFileType = file.storyboard; path = Guide.storyboard; sourceTree = "<group>"; };
		3ACD2C84240CD6210017FABC /* ConcentrationTrackerTests.xctest */ = {isa = PBXFileReference; explicitFileType = wrapper.cfbundle; includeInIndex = 0; path = ConcentrationTrackerTests.xctest; sourceTree = BUILT_PRODUCTS_DIR; };
		3ACD2C86240CD6210017FABC /* ConcentrationTrackerTests.swift */ = {isa = PBXFileReference; lastKnownFileType = sourcecode.swift; path = ConcentrationTrackerTests.swift; sourceTree = "<group>"; };
		3ACD2C88240CD6210017FABC /* Info.plist */ = {isa = PBXFileReference; lastKnownFileType = text.plist.xml; path = Info.plist; sourceTree = "<group>"; };
		3ACD2C8E240CD6670017FABC /* InMemoryCoreDataStack.swift */ = {isa = PBXFileReference; lastKnownFileType = sourcecode.swift; path = InMemoryCoreDataStack.swift; sourceTree = "<group>"; };
		3ACD2C90240CD70E0017FABC /* NSManagedObjectContextSpy.swift */ = {isa = PBXFileReference; lastKnownFileType = sourcecode.swift; path = NSManagedObjectContextSpy.swift; sourceTree = "<group>"; };
		3ACD2C92240CD79A0017FABC /* HistoryPresenterStub.swift */ = {isa = PBXFileReference; lastKnownFileType = sourcecode.swift; path = HistoryPresenterStub.swift; sourceTree = "<group>"; };
		3ACD2C97240CDA110017FABC /* AddChallengeParameters.swift */ = {isa = PBXFileReference; lastKnownFileType = sourcecode.swift; path = AddChallengeParameters.swift; sourceTree = "<group>"; };
		3AD068952358ED09003D30A6 /* PageNavigation.storyboard */ = {isa = PBXFileReference; lastKnownFileType = file.storyboard; path = PageNavigation.storyboard; sourceTree = "<group>"; };
		3AD068972358ED1D003D30A6 /* PageNavigationViewController.swift */ = {isa = PBXFileReference; lastKnownFileType = sourcecode.swift; path = PageNavigationViewController.swift; sourceTree = "<group>"; };
		3AD068992358F085003D30A6 /* PageNavigationPresenter.swift */ = {isa = PBXFileReference; lastKnownFileType = sourcecode.swift; path = PageNavigationPresenter.swift; sourceTree = "<group>"; };
		3AD0689E235B175B003D30A6 /* PageCell.swift */ = {isa = PBXFileReference; lastKnownFileType = sourcecode.swift; path = PageCell.swift; sourceTree = "<group>"; };
		3AD068B3236026DE003D30A6 /* UIView+Extension.swift */ = {isa = PBXFileReference; lastKnownFileType = sourcecode.swift; path = "UIView+Extension.swift"; sourceTree = "<group>"; };
		54008D8A237C9F2D0072EC00 /* SongModel.swift */ = {isa = PBXFileReference; lastKnownFileType = sourcecode.swift; path = SongModel.swift; sourceTree = "<group>"; };
		54008D8C237CA0EA0072EC00 /* MusicSelectPresenter.swift */ = {isa = PBXFileReference; lastKnownFileType = sourcecode.swift; path = MusicSelectPresenter.swift; sourceTree = "<group>"; };
		5432586D237A01A10082DEB0 /* water-1.mp3 */ = {isa = PBXFileReference; lastKnownFileType = audio.mp3; name = "water-1.mp3"; path = "Concentration tracker/Assets/Assets.xcassets/Backround Sounds/water-1.dataset/water-1.mp3"; sourceTree = SOURCE_ROOT; };
		5432586F237A01A70082DEB0 /* water-0.mp3 */ = {isa = PBXFileReference; lastKnownFileType = audio.mp3; name = "water-0.mp3"; path = "Concentration tracker/Assets/Assets.xcassets/Backround Sounds/water-0.dataset/water-0.mp3"; sourceTree = SOURCE_ROOT; };
		54325871237A01AF0082DEB0 /* space-1.mp3 */ = {isa = PBXFileReference; lastKnownFileType = audio.mp3; name = "space-1.mp3"; path = "Concentration tracker/Assets/Assets.xcassets/Backround Sounds/space-1.dataset/space-1.mp3"; sourceTree = SOURCE_ROOT; };
		54325873237A01BB0082DEB0 /* space-0.mp3 */ = {isa = PBXFileReference; lastKnownFileType = audio.mp3; name = "space-0.mp3"; path = "Concentration tracker/Assets/Assets.xcassets/Backround Sounds/space-0.dataset/space-0.mp3"; sourceTree = SOURCE_ROOT; };
		54325875237A01C10082DEB0 /* birds-1.mp3 */ = {isa = PBXFileReference; lastKnownFileType = audio.mp3; name = "birds-1.mp3"; path = "Concentration tracker/Assets/Assets.xcassets/Backround Sounds/birds-1.dataset/birds-1.mp3"; sourceTree = SOURCE_ROOT; };
		54325877237A01C60082DEB0 /* birds-0.mp3 */ = {isa = PBXFileReference; lastKnownFileType = audio.mp3; name = "birds-0.mp3"; path = "Concentration tracker/Assets/Assets.xcassets/Backround Sounds/birds-0.dataset/birds-0.mp3"; sourceTree = SOURCE_ROOT; };
		54325879237A094D0082DEB0 /* SongSelectCell.swift */ = {isa = PBXFileReference; lastKnownFileType = sourcecode.swift; path = SongSelectCell.swift; sourceTree = "<group>"; };
		544EC47E233BAA7300417DAF /* MainButton.swift */ = {isa = PBXFileReference; lastKnownFileType = sourcecode.swift; path = MainButton.swift; sourceTree = "<group>"; };
		544EC484233BB04800417DAF /* UIButton+Factory.swift */ = {isa = PBXFileReference; lastKnownFileType = sourcecode.swift; path = "UIButton+Factory.swift"; sourceTree = "<group>"; };
		546A863023845D78003DDC36 /* SoundManager.swift */ = {isa = PBXFileReference; lastKnownFileType = sourcecode.swift; path = SoundManager.swift; sourceTree = "<group>"; };
		547174C0233BA78B000D2AC5 /* SourceSansPro-Light.otf */ = {isa = PBXFileReference; lastKnownFileType = file; path = "SourceSansPro-Light.otf"; sourceTree = "<group>"; };
		547174C1233BA78B000D2AC5 /* SourceSansPro-LightIt.otf */ = {isa = PBXFileReference; lastKnownFileType = file; path = "SourceSansPro-LightIt.otf"; sourceTree = "<group>"; };
		547174C2233BA78B000D2AC5 /* Oswald-LightItalic.ttf */ = {isa = PBXFileReference; lastKnownFileType = file; path = "Oswald-LightItalic.ttf"; sourceTree = "<group>"; };
		547174C3233BA78B000D2AC5 /* SourceSansPro-SemiboldIt.otf */ = {isa = PBXFileReference; lastKnownFileType = file; path = "SourceSansPro-SemiboldIt.otf"; sourceTree = "<group>"; };
		547174C4233BA78B000D2AC5 /* MuseoSans-900Italic.otf */ = {isa = PBXFileReference; lastKnownFileType = file; path = "MuseoSans-900Italic.otf"; sourceTree = "<group>"; };
		547174C5233BA78B000D2AC5 /* SIL Open Font License.txt */ = {isa = PBXFileReference; fileEncoding = 4; lastKnownFileType = text; path = "SIL Open Font License.txt"; sourceTree = "<group>"; };
		547174C6233BA78B000D2AC5 /* SourceSansPro-It.otf */ = {isa = PBXFileReference; lastKnownFileType = file; path = "SourceSansPro-It.otf"; sourceTree = "<group>"; };
		547174C7233BA78B000D2AC5 /* SourceSansPro-Bold.otf */ = {isa = PBXFileReference; lastKnownFileType = file; path = "SourceSansPro-Bold.otf"; sourceTree = "<group>"; };
		547174C8233BA78B000D2AC5 /* MuseoSans-500Italic.otf */ = {isa = PBXFileReference; lastKnownFileType = file; path = "MuseoSans-500Italic.otf"; sourceTree = "<group>"; };
		547174C9233BA78B000D2AC5 /* SourceSansPro-Regular.otf */ = {isa = PBXFileReference; lastKnownFileType = file; path = "SourceSansPro-Regular.otf"; sourceTree = "<group>"; };
		547174CA233BA78B000D2AC5 /* SourceSansPro-BoldIt.otf */ = {isa = PBXFileReference; lastKnownFileType = file; path = "SourceSansPro-BoldIt.otf"; sourceTree = "<group>"; };
		547174CB233BA78B000D2AC5 /* SourceSansPro-BlackIt.otf */ = {isa = PBXFileReference; lastKnownFileType = file; path = "SourceSansPro-BlackIt.otf"; sourceTree = "<group>"; };
		547174CC233BA78B000D2AC5 /* MuseoSans-900.otf */ = {isa = PBXFileReference; lastKnownFileType = file; path = "MuseoSans-900.otf"; sourceTree = "<group>"; };
		547174CD233BA78B000D2AC5 /* SourceSansPro-ExtraLightIt.otf */ = {isa = PBXFileReference; lastKnownFileType = file; path = "SourceSansPro-ExtraLightIt.otf"; sourceTree = "<group>"; };
		547174CE233BA78B000D2AC5 /* MuseoSans-300Italic.otf */ = {isa = PBXFileReference; lastKnownFileType = file; path = "MuseoSans-300Italic.otf"; sourceTree = "<group>"; };
		547174CF233BA78B000D2AC5 /* MuseoSans-300.otf */ = {isa = PBXFileReference; lastKnownFileType = file; path = "MuseoSans-300.otf"; sourceTree = "<group>"; };
		547174D0233BA78B000D2AC5 /* Oswald-Regular.ttf */ = {isa = PBXFileReference; lastKnownFileType = file; path = "Oswald-Regular.ttf"; sourceTree = "<group>"; };
		547174D1233BA78B000D2AC5 /* MuseoSans-100.otf */ = {isa = PBXFileReference; lastKnownFileType = file; path = "MuseoSans-100.otf"; sourceTree = "<group>"; };
		547174D2233BA78B000D2AC5 /* SourceSansPro-ExtraLight.otf */ = {isa = PBXFileReference; lastKnownFileType = file; path = "SourceSansPro-ExtraLight.otf"; sourceTree = "<group>"; };
		547174D3233BA78B000D2AC5 /* MuseoSans-500.otf */ = {isa = PBXFileReference; lastKnownFileType = file; path = "MuseoSans-500.otf"; sourceTree = "<group>"; };
		547174D4233BA78B000D2AC5 /* MuseoSans-100Italic.otf */ = {isa = PBXFileReference; lastKnownFileType = file; path = "MuseoSans-100Italic.otf"; sourceTree = "<group>"; };
		547174D5233BA78B000D2AC5 /* SourceSansPro-Semibold.otf */ = {isa = PBXFileReference; lastKnownFileType = file; path = "SourceSansPro-Semibold.otf"; sourceTree = "<group>"; };
		547174D6233BA78B000D2AC5 /* MuseoSans-700.otf */ = {isa = PBXFileReference; lastKnownFileType = file; path = "MuseoSans-700.otf"; sourceTree = "<group>"; };
		547174D7233BA78B000D2AC5 /* Oswald-DemiBold.ttf */ = {isa = PBXFileReference; lastKnownFileType = file; path = "Oswald-DemiBold.ttf"; sourceTree = "<group>"; };
		547174D8233BA78B000D2AC5 /* Oswald-RegularItalic.ttf */ = {isa = PBXFileReference; lastKnownFileType = file; path = "Oswald-RegularItalic.ttf"; sourceTree = "<group>"; };
		547174D9233BA78B000D2AC5 /* SourceSansPro-Black.otf */ = {isa = PBXFileReference; lastKnownFileType = file; path = "SourceSansPro-Black.otf"; sourceTree = "<group>"; };
		547174DA233BA78B000D2AC5 /* Oswald-Demi-BoldItalic.ttf */ = {isa = PBXFileReference; lastKnownFileType = file; path = "Oswald-Demi-BoldItalic.ttf"; sourceTree = "<group>"; };
		547174DB233BA78B000D2AC5 /* Oswald-Light.ttf */ = {isa = PBXFileReference; lastKnownFileType = file; path = "Oswald-Light.ttf"; sourceTree = "<group>"; };
		547174DC233BA78B000D2AC5 /* MuseoSans-700Italic.otf */ = {isa = PBXFileReference; lastKnownFileType = file; path = "MuseoSans-700Italic.otf"; sourceTree = "<group>"; };
		54B9D76D2378B89D00752B2A /* MusicSelectViewController.swift */ = {isa = PBXFileReference; lastKnownFileType = sourcecode.swift; path = MusicSelectViewController.swift; sourceTree = "<group>"; };
		54B9D76F2378B98500752B2A /* SettingsPresenter.swift */ = {isa = PBXFileReference; lastKnownFileType = sourcecode.swift; path = SettingsPresenter.swift; sourceTree = "<group>"; };
		54C2AB8C2378A71700BB2D90 /* SettingsViewController.swift */ = {isa = PBXFileReference; lastKnownFileType = sourcecode.swift; path = SettingsViewController.swift; sourceTree = "<group>"; };
		54C2AB8E2378A79B00BB2D90 /* Settings.storyboard */ = {isa = PBXFileReference; lastKnownFileType = file.storyboard; path = Settings.storyboard; sourceTree = "<group>"; };
		6EAA0EA7AAB1BA0601FC3C40 /* Pods-Concentration tracker.debug.xcconfig */ = {isa = PBXFileReference; includeInIndex = 1; lastKnownFileType = text.xcconfig; name = "Pods-Concentration tracker.debug.xcconfig"; path = "Target Support Files/Pods-Concentration tracker/Pods-Concentration tracker.debug.xcconfig"; sourceTree = "<group>"; };
		C01F4A87855913F92D58FEA5 /* Pods-Concentration tracker.release.xcconfig */ = {isa = PBXFileReference; includeInIndex = 1; lastKnownFileType = text.xcconfig; name = "Pods-Concentration tracker.release.xcconfig"; path = "Target Support Files/Pods-Concentration tracker/Pods-Concentration tracker.release.xcconfig"; sourceTree = "<group>"; };
		C13CFA1E23660F340022863E /* CurrentChallenge.storyboard */ = {isa = PBXFileReference; lastKnownFileType = file.storyboard; path = CurrentChallenge.storyboard; sourceTree = "<group>"; };
		C13CFA2023660F5B0022863E /* CurrentChallengeViewController.swift */ = {isa = PBXFileReference; lastKnownFileType = sourcecode.swift; path = CurrentChallengeViewController.swift; sourceTree = "<group>"; };
		C13CFA2223660F8C0022863E /* CurrentChallengePresenter.swift */ = {isa = PBXFileReference; lastKnownFileType = sourcecode.swift; path = CurrentChallengePresenter.swift; sourceTree = "<group>"; };
		C1FE2041234FB36A00377004 /* NotificationManager.swift */ = {isa = PBXFileReference; fileEncoding = 4; lastKnownFileType = sourcecode.swift; path = NotificationManager.swift; sourceTree = "<group>"; };
		DF4C72E9AC4F520B30B06ABF /* Pods_Concentration_tracker.framework */ = {isa = PBXFileReference; explicitFileType = wrapper.framework; includeInIndex = 0; path = Pods_Concentration_tracker.framework; sourceTree = BUILT_PRODUCTS_DIR; };
/* End PBXFileReference section */

/* Begin PBXFrameworksBuildPhase section */
		3A47D655230F18FB00B2B200 /* Frameworks */ = {
			isa = PBXFrameworksBuildPhase;
			buildActionMask = 2147483647;
			files = (
				E291072FF5B6C54E06650824 /* Pods_Concentration_tracker.framework in Frameworks */,
				3A9F9A6F2376FFC400022C38 /* StoreKit.framework in Frameworks */,
			);
			runOnlyForDeploymentPostprocessing = 0;
		};
		3ACD2C81240CD6210017FABC /* Frameworks */ = {
			isa = PBXFrameworksBuildPhase;
			buildActionMask = 2147483647;
			files = (
			);
			runOnlyForDeploymentPostprocessing = 0;
		};
/* End PBXFrameworksBuildPhase section */

/* Begin PBXGroup section */
		3A00A50E238322EC0011ACDC /* DeviceCheck */ = {
			isa = PBXGroup;
			children = (
				3A00A4EE238194B20011ACDC /* AppLockManager.swift */,
				3A00A511238323730011ACDC /* JWTToken */,
			);
			path = DeviceCheck;
			sourceTree = "<group>";
		};
		3A00A511238323730011ACDC /* JWTToken */ = {
			isa = PBXGroup;
			children = (
				3A00A50A2383187F0011ACDC /* JWT.swift */,
				3A00A50C2383188A0011ACDC /* P8.swift */,
				3A00A50F238323410011ACDC /* JWTError.swift */,
				3A00A512238323A20011ACDC /* Data+Extension.swift */,
				3A00A514238323BB0011ACDC /* ECPrivateKey.swift */,
				3A00A516238323DA0011ACDC /* ECKeyData.swift */,
				3A00A518238323EC0011ACDC /* ASN1.swift */,
			);
			path = JWTToken;
			sourceTree = "<group>";
		};
		3A0D5A17234E5CDD00F20BC3 /* Creation */ = {
			isa = PBXGroup;
			children = (
				3A8DB68324117E1700225DA4 /* CreateChallengeConfigurator.swift */,
				3A0D5A18234E5E5B00F20BC3 /* CreateChallenge.storyboard */,
				3A0D5A1A234E5E6F00F20BC3 /* CreateChallengeViewController.swift */,
				3A0D5A1C234E5EAC00F20BC3 /* CreateChallengePresenter.swift */,
			);
			path = Creation;
			sourceTree = "<group>";
		};
		3A112B1D230F23F50064A7D9 /* Extensions */ = {
			isa = PBXGroup;
			children = (
				3A2F573223125E2600212317 /* NSObject+NameOfClass.swift */,
				544EC484233BB04800417DAF /* UIButton+Factory.swift */,
				3A2F573423125E4000212317 /* UIViewController+Extension.swift */,
				3AD068B3236026DE003D30A6 /* UIView+Extension.swift */,
				3AC223772365AB840075C773 /* Date+Extensions.swift */,
				3AC223792365B3710075C773 /* Result+Success.swift */,
			);
			path = Extensions;
			sourceTree = "<group>";
		};
		3A155148232B721500265B89 /* Cells */ = {
			isa = PBXGroup;
			children = (
				3AA12732232ABDA8004206E5 /* PageCollectionViewCell.swift */,
				3AA12731232ABDA8004206E5 /* PageCollectionViewCell.xib */,
			);
			path = Cells;
			sourceTree = "<group>";
		};
		3A155149232B723000265B89 /* Models */ = {
			isa = PBXGroup;
			children = (
				3AA12741232ABF93004206E5 /* PageModel.swift */,
			);
			path = Models;
			sourceTree = "<group>";
		};
		3A2F572D2311B50300212317 /* Alert */ = {
			isa = PBXGroup;
			children = (
				3A2F572E2311B51800212317 /* AlertViewController.swift */,
				3A2F57302311B5BF00212317 /* AlertPresenter.swift */,
				3A2F573623125EEA00212317 /* Alert.storyboard */,
			);
			path = Alert;
			sourceTree = "<group>";
		};
		3A2F57382312728000212317 /* LockState */ = {
			isa = PBXGroup;
			children = (
				3A2F57392312729800212317 /* LockStateRequestManager.swift */,
				3A2F573B231272DF00212317 /* LockStateRequests.swift */,
			);
			path = LockState;
			sourceTree = "<group>";
		};
		3A47D64F230F18FB00B2B200 = {
			isa = PBXGroup;
			children = (
				3A47D65A230F18FB00B2B200 /* Concentration tracker */,
				3ACD2C85240CD6210017FABC /* ConcentrationTrackerTests */,
				3A47D659230F18FB00B2B200 /* Products */,
				6831F0844C4EA152F0B66DD5 /* Pods */,
				BA92F336F5D35B4C752CDD6B /* Frameworks */,
			);
			sourceTree = "<group>";
		};
		3A47D659230F18FB00B2B200 /* Products */ = {
			isa = PBXGroup;
			children = (
				3A47D658230F18FB00B2B200 /* Concentration tracker.app */,
				3ACD2C84240CD6210017FABC /* ConcentrationTrackerTests.xctest */,
			);
			name = Products;
			sourceTree = "<group>";
		};
		3A47D65A230F18FB00B2B200 /* Concentration tracker */ = {
			isa = PBXGroup;
			children = (
				3A8DB66D2410DA4000225DA4 /* Refactored */,
				3A47D677230F1DE600B2B200 /* Application */,
				3AB765CB231C298D007FA888 /* Common */,
				3A47D679230F1E2900B2B200 /* Modules */,
				3A112B1D230F23F50064A7D9 /* Extensions */,
				3A47D678230F1E1D00B2B200 /* Services */,
				3A47D67A230F1E3A00B2B200 /* Assets */,
			);
			path = "Concentration tracker";
			sourceTree = "<group>";
		};
		3A47D66D230F1CE200B2B200 /* Networking */ = {
			isa = PBXGroup;
			children = (
				3A47D674230F1D5E00B2B200 /* Requests */,
				3A47D66E230F1CF300B2B200 /* API.swift */,
				3A47D672230F1D3600B2B200 /* NetworkService.swift */,
				3A47D670230F1D1A00B2B200 /* NetworkError.swift */,
			);
			path = Networking;
			sourceTree = "<group>";
		};
		3A47D674230F1D5E00B2B200 /* Requests */ = {
			isa = PBXGroup;
			children = (
				3A2F57382312728000212317 /* LockState */,
				3A47D675230F1D6A00B2B200 /* RequestBuilder.swift */,
			);
			path = Requests;
			sourceTree = "<group>";
		};
		3A47D677230F1DE600B2B200 /* Application */ = {
			isa = PBXGroup;
			children = (
				3A47D67B230F1E5A00B2B200 /* Config */,
				3A47D65B230F18FB00B2B200 /* AppDelegate.swift */,
				3A47D664230F18FC00B2B200 /* LaunchScreen.storyboard */,
				3A5AF904240D7A4A00597FA6 /* GoogleService-Info.plist */,
				3A8DB66B2410D7F900225DA4 /* Info.plist */,
			);
			path = Application;
			sourceTree = "<group>";
		};
		3A47D678230F1E1D00B2B200 /* Services */ = {
			isa = PBXGroup;
			children = (
				546A862F23845D69003DDC36 /* Sound */,
				3A00A50E238322EC0011ACDC /* DeviceCheck */,
				3A9F9A772377150C00022C38 /* Purchases */,
				3A47D680230F215C00B2B200 /* UserData */,
				3A47D66D230F1CE200B2B200 /* Networking */,
				C1FE2041234FB36A00377004 /* NotificationManager.swift */,
				3AC223722364B22A0075C773 /* ChallengeManager.swift */,
			);
			path = Services;
			sourceTree = "<group>";
		};
		3A47D679230F1E2900B2B200 /* Modules */ = {
			isa = PBXGroup;
			children = (
				54C2AB8B2378A6C800BB2D90 /* Settings */,
				3A9F9A702377099400022C38 /* Losing */,
				3A2F572D2311B50300212317 /* Alert */,
				3AA12728232ABB3C004206E5 /* Guide */,
			);
			path = Modules;
			sourceTree = "<group>";
		};
		3A47D67A230F1E3A00B2B200 /* Assets */ = {
			isa = PBXGroup;
			children = (
				3A8DB6672410D07600225DA4 /* R.generated.swift */,
				3A60A92F23336E9D0037E0A4 /* Sounds */,
				547174BF233BA78B000D2AC5 /* Fonts */,
				3A15514A232B7C8300265B89 /* R+Shortcuts.swift */,
				3A47D662230F18FC00B2B200 /* Assets.xcassets */,
				3A008BD4231F93CA00B9286B /* Localizable.stringsdict */,
				3A008BDC231F965500B9286B /* Localizable.strings */,
			);
			path = Assets;
			sourceTree = "<group>";
		};
		3A47D67B230F1E5A00B2B200 /* Config */ = {
			isa = PBXGroup;
			children = (
				3A47D67E230F1E8B00B2B200 /* Config.plist */,
				3A47D67C230F1E8100B2B200 /* Config.swift */,
			);
			path = Config;
			sourceTree = "<group>";
		};
		3A47D680230F215C00B2B200 /* UserData */ = {
			isa = PBXGroup;
			children = (
				3A47D681230F217200B2B200 /* KeychainService.swift */,
			);
			path = UserData;
			sourceTree = "<group>";
		};
		3A5AF907240D893E00597FA6 /* CoreData */ = {
			isa = PBXGroup;
			children = (
				3ACD2C8E240CD6670017FABC /* InMemoryCoreDataStack.swift */,
				3ACD2C90240CD70E0017FABC /* NSManagedObjectContextSpy.swift */,
			);
			path = CoreData;
			sourceTree = "<group>";
		};
		3A60A92F23336E9D0037E0A4 /* Sounds */ = {
			isa = PBXGroup;
			children = (
				54325877237A01C60082DEB0 /* birds-0.mp3 */,
				54325875237A01C10082DEB0 /* birds-1.mp3 */,
				54325873237A01BB0082DEB0 /* space-0.mp3 */,
				54325871237A01AF0082DEB0 /* space-1.mp3 */,
				5432586F237A01A70082DEB0 /* water-0.mp3 */,
				5432586D237A01A10082DEB0 /* water-1.mp3 */,
				3A60A92D23336E520037E0A4 /* piano.wav */,
			);
			path = Sounds;
			sourceTree = "<group>";
		};
		3A8DB66D2410DA4000225DA4 /* Refactored */ = {
			isa = PBXGroup;
			children = (
				3ACD2C62240C2E620017FABC /* Core */,
				3ACD2C6C240C2E620017FABC /* EntityGateway */,
				3ACD2C56240C2DE60017FABC /* Scenes */,
			);
			path = Refactored;
			sourceTree = "<group>";
		};
		3A9F9A702377099400022C38 /* Losing */ = {
			isa = PBXGroup;
			children = (
				3A9F9A71237709B300022C38 /* LosingViewController.swift */,
				3A9F9A73237709BD00022C38 /* LosingPresenter.swift */,
				3A9F9A75237709C800022C38 /* Losing.storyboard */,
			);
			path = Losing;
			sourceTree = "<group>";
		};
		3A9F9A772377150C00022C38 /* Purchases */ = {
			isa = PBXGroup;
			children = (
				3A9F9A782377200300022C38 /* PurchasesManager.swift */,
			);
			path = Purchases;
			sourceTree = "<group>";
		};
		3AA12728232ABB3C004206E5 /* Guide */ = {
			isa = PBXGroup;
			children = (
				3ACD2C7E240C2EB00017FABC /* Guide.storyboard */,
				3AA12729232ABC01004206E5 /* GuideViewController.swift */,
				3AA1272F232ABD15004206E5 /* GuidePresenter.swift */,
				3AA12737232ABDE5004206E5 /* PageProvider.swift */,
				3A155149232B723000265B89 /* Models */,
				3AA1272C232ABC71004206E5 /* Views */,
			);
			path = Guide;
			sourceTree = "<group>";
		};
		3AA1272C232ABC71004206E5 /* Views */ = {
			isa = PBXGroup;
			children = (
				3A155148232B721500265B89 /* Cells */,
				3AA1272D232ABC8D004206E5 /* CustomPageControl.swift */,
			);
			path = Views;
			sourceTree = "<group>";
		};
		3AB765CB231C298D007FA888 /* Common */ = {
			isa = PBXGroup;
			children = (
				544EC480233BAA7800417DAF /* UIElements */,
				3AB765C9231BDBC1007FA888 /* Router.swift */,
				3AB765CC231C299F007FA888 /* Controllers.swift */,
				3AB765CE231C29BE007FA888 /* ViewProtocol.swift */,
			);
			path = Common;
			sourceTree = "<group>";
		};
		3ACD2C56240C2DE60017FABC /* Scenes */ = {
			isa = PBXGroup;
			children = (
				3AD068942358ECD2003D30A6 /* PageNavigation */,
				3A0D5A17234E5CDD00F20BC3 /* Creation */,
				C13CFA1D23660E640022863E /* Current */,
				3ACD2C57240C2DE60017FABC /* History */,
			);
			path = Scenes;
			sourceTree = "<group>";
		};
		3ACD2C57240C2DE60017FABC /* History */ = {
			isa = PBXGroup;
			children = (
				3ACD2C59240C2DE60017FABC /* HistoryConfigurator.swift */,
				3ACD2C58240C2DE60017FABC /* ChallengeCell.swift */,
				3ACD2C5A240C2DE60017FABC /* History.storyboard */,
				3ACD2C5B240C2DE60017FABC /* HistoryPresenter.swift */,
				3ACD2C5C240C2DE60017FABC /* HistoryViewController.swift */,
			);
			path = History;
			sourceTree = "<group>";
		};
		3ACD2C62240C2E620017FABC /* Core */ = {
			isa = PBXGroup;
			children = (
				3ACD2C63240C2E620017FABC /* Result.swift */,
				3ACD2C64240C2E620017FABC /* Gateways */,
				3ACD2C66240C2E620017FABC /* UseCases */,
				3ACD2C6A240C2E620017FABC /* Entities */,
			);
			path = Core;
			sourceTree = "<group>";
		};
		3ACD2C64240C2E620017FABC /* Gateways */ = {
			isa = PBXGroup;
			children = (
				3ACD2C65240C2E620017FABC /* ChallengesGatewayProtocol.swift */,
			);
			path = Gateways;
			sourceTree = "<group>";
		};
		3ACD2C66240C2E620017FABC /* UseCases */ = {
			isa = PBXGroup;
			children = (
				3ACD2C67240C2E620017FABC /* AddChallenge.swift */,
				3A8DB6872413B05C00225DA4 /* StartChallenge.swift */,
				3A8DB68E2413F5BD00225DA4 /* DisplayLastChallenge.swift */,
				3ACD2C68240C2E620017FABC /* DisplayChallengesList.swift */,
				3ACD2C69240C2E620017FABC /* DeleteChallenge.swift */,
				3A8DB6892413B41500225DA4 /* UpdateChallengeUseCase.swift */,
			);
			path = UseCases;
			sourceTree = "<group>";
		};
		3ACD2C6A240C2E620017FABC /* Entities */ = {
			isa = PBXGroup;
			children = (
				3ACD2C6B240C2E620017FABC /* Challenge.swift */,
			);
			path = Entities;
			sourceTree = "<group>";
		};
		3ACD2C6C240C2E620017FABC /* EntityGateway */ = {
			isa = PBXGroup;
			children = (
				3ACD2C6D240C2E620017FABC /* LocalPersistence */,
			);
			path = EntityGateway;
			sourceTree = "<group>";
		};
		3ACD2C6D240C2E620017FABC /* LocalPersistence */ = {
			isa = PBXGroup;
			children = (
				3ACD2C48240C2D730017FABC /* DataBaseSchema.xcdatamodeld */,
				3ACD2C6E240C2E620017FABC /* CoreDataStack.swift */,
				3ACD2C71240C2E620017FABC /* NSManagedObjectContext-Utils.swift */,
				3ACD2C6F240C2E620017FABC /* Gateways */,
				3ACD2C72240C2E620017FABC /* Entities */,
			);
			path = LocalPersistence;
			sourceTree = "<group>";
		};
		3ACD2C6F240C2E620017FABC /* Gateways */ = {
			isa = PBXGroup;
			children = (
				3ACD2C70240C2E620017FABC /* LocalPersistanceGateway.swift */,
			);
			path = Gateways;
			sourceTree = "<group>";
		};
		3ACD2C72240C2E620017FABC /* Entities */ = {
			isa = PBXGroup;
			children = (
				3ACD2C73240C2E620017FABC /* CDChallenge.swift */,
			);
			path = Entities;
			sourceTree = "<group>";
		};
		3ACD2C85240CD6210017FABC /* ConcentrationTrackerTests */ = {
			isa = PBXGroup;
			children = (
				3ACD2C86240CD6210017FABC /* ConcentrationTrackerTests.swift */,
				3A5AF907240D893E00597FA6 /* CoreData */,
				3ACD2C96240CD9F50017FABC /* Creators */,
				3ACD2C94240CD79E0017FABC /* Presenters */,
				3ACD2C88240CD6210017FABC /* Info.plist */,
			);
			path = ConcentrationTrackerTests;
			sourceTree = "<group>";
		};
		3ACD2C94240CD79E0017FABC /* Presenters */ = {
			isa = PBXGroup;
			children = (
				3ACD2C92240CD79A0017FABC /* HistoryPresenterStub.swift */,
			);
			path = Presenters;
			sourceTree = "<group>";
		};
		3ACD2C96240CD9F50017FABC /* Creators */ = {
			isa = PBXGroup;
			children = (
				3ACD2C97240CDA110017FABC /* AddChallengeParameters.swift */,
			);
			path = Creators;
			sourceTree = "<group>";
		};
		3AD068942358ECD2003D30A6 /* PageNavigation */ = {
			isa = PBXGroup;
			children = (
				3A8DB6902413F71200225DA4 /* PageNavigationConfigurator.swift */,
				3AD068952358ED09003D30A6 /* PageNavigation.storyboard */,
				3AD068972358ED1D003D30A6 /* PageNavigationViewController.swift */,
				3AD068992358F085003D30A6 /* PageNavigationPresenter.swift */,
				3AD0689E235B175B003D30A6 /* PageCell.swift */,
			);
			path = PageNavigation;
			sourceTree = "<group>";
		};
		544EC480233BAA7800417DAF /* UIElements */ = {
			isa = PBXGroup;
			children = (
				544EC481233BAA8300417DAF /* Buttons */,
			);
			path = UIElements;
			sourceTree = "<group>";
		};
		544EC481233BAA8300417DAF /* Buttons */ = {
			isa = PBXGroup;
			children = (
				544EC47E233BAA7300417DAF /* MainButton.swift */,
			);
			path = Buttons;
			sourceTree = "<group>";
		};
		546A862F23845D69003DDC36 /* Sound */ = {
			isa = PBXGroup;
			children = (
				546A863023845D78003DDC36 /* SoundManager.swift */,
			);
			path = Sound;
			sourceTree = "<group>";
		};
		547174BF233BA78B000D2AC5 /* Fonts */ = {
			isa = PBXGroup;
			children = (
				547174C0233BA78B000D2AC5 /* SourceSansPro-Light.otf */,
				547174C1233BA78B000D2AC5 /* SourceSansPro-LightIt.otf */,
				547174C2233BA78B000D2AC5 /* Oswald-LightItalic.ttf */,
				547174C3233BA78B000D2AC5 /* SourceSansPro-SemiboldIt.otf */,
				547174C4233BA78B000D2AC5 /* MuseoSans-900Italic.otf */,
				547174C5233BA78B000D2AC5 /* SIL Open Font License.txt */,
				547174C6233BA78B000D2AC5 /* SourceSansPro-It.otf */,
				547174C7233BA78B000D2AC5 /* SourceSansPro-Bold.otf */,
				547174C8233BA78B000D2AC5 /* MuseoSans-500Italic.otf */,
				547174C9233BA78B000D2AC5 /* SourceSansPro-Regular.otf */,
				547174CA233BA78B000D2AC5 /* SourceSansPro-BoldIt.otf */,
				547174CB233BA78B000D2AC5 /* SourceSansPro-BlackIt.otf */,
				547174CC233BA78B000D2AC5 /* MuseoSans-900.otf */,
				547174CD233BA78B000D2AC5 /* SourceSansPro-ExtraLightIt.otf */,
				547174CE233BA78B000D2AC5 /* MuseoSans-300Italic.otf */,
				547174CF233BA78B000D2AC5 /* MuseoSans-300.otf */,
				547174D0233BA78B000D2AC5 /* Oswald-Regular.ttf */,
				547174D1233BA78B000D2AC5 /* MuseoSans-100.otf */,
				547174D2233BA78B000D2AC5 /* SourceSansPro-ExtraLight.otf */,
				547174D3233BA78B000D2AC5 /* MuseoSans-500.otf */,
				547174D4233BA78B000D2AC5 /* MuseoSans-100Italic.otf */,
				547174D5233BA78B000D2AC5 /* SourceSansPro-Semibold.otf */,
				547174D6233BA78B000D2AC5 /* MuseoSans-700.otf */,
				547174D7233BA78B000D2AC5 /* Oswald-DemiBold.ttf */,
				547174D8233BA78B000D2AC5 /* Oswald-RegularItalic.ttf */,
				547174D9233BA78B000D2AC5 /* SourceSansPro-Black.otf */,
				547174DA233BA78B000D2AC5 /* Oswald-Demi-BoldItalic.ttf */,
				547174DB233BA78B000D2AC5 /* Oswald-Light.ttf */,
				547174DC233BA78B000D2AC5 /* MuseoSans-700Italic.otf */,
			);
			path = Fonts;
			sourceTree = "<group>";
		};
		54C2AB8B2378A6C800BB2D90 /* Settings */ = {
			isa = PBXGroup;
			children = (
				54C2AB8C2378A71700BB2D90 /* SettingsViewController.swift */,
				54B9D76F2378B98500752B2A /* SettingsPresenter.swift */,
				54325879237A094D0082DEB0 /* SongSelectCell.swift */,
				54008D8A237C9F2D0072EC00 /* SongModel.swift */,
				54B9D76D2378B89D00752B2A /* MusicSelectViewController.swift */,
				54008D8C237CA0EA0072EC00 /* MusicSelectPresenter.swift */,
				54C2AB8E2378A79B00BB2D90 /* Settings.storyboard */,
			);
			path = Settings;
			sourceTree = "<group>";
		};
		6831F0844C4EA152F0B66DD5 /* Pods */ = {
			isa = PBXGroup;
			children = (
				6EAA0EA7AAB1BA0601FC3C40 /* Pods-Concentration tracker.debug.xcconfig */,
				C01F4A87855913F92D58FEA5 /* Pods-Concentration tracker.release.xcconfig */,
			);
			path = Pods;
			sourceTree = "<group>";
		};
		BA92F336F5D35B4C752CDD6B /* Frameworks */ = {
			isa = PBXGroup;
			children = (
				3A9F9A6E2376FFC400022C38 /* StoreKit.framework */,
				DF4C72E9AC4F520B30B06ABF /* Pods_Concentration_tracker.framework */,
			);
			name = Frameworks;
			sourceTree = "<group>";
		};
		C13CFA1D23660E640022863E /* Current */ = {
			isa = PBXGroup;
			children = (
				3A8DB68C2413EB7E00225DA4 /* CurrentChallnegeConfigurator.swift */,
				C13CFA1E23660F340022863E /* CurrentChallenge.storyboard */,
				C13CFA2023660F5B0022863E /* CurrentChallengeViewController.swift */,
				C13CFA2223660F8C0022863E /* CurrentChallengePresenter.swift */,
			);
			path = Current;
			sourceTree = "<group>";
		};
/* End PBXGroup section */

/* Begin PBXNativeTarget section */
		3A47D657230F18FB00B2B200 /* Concentration tracker */ = {
			isa = PBXNativeTarget;
			buildConfigurationList = 3A47D66A230F18FC00B2B200 /* Build configuration list for PBXNativeTarget "Concentration tracker" */;
			buildPhases = (
				E5A2512958F05A693BAC311C /* [CP] Check Pods Manifest.lock */,
				3A008BDE231FCCC600B9286B /* R.Swift */,
				3A47D654230F18FB00B2B200 /* Sources */,
				3A47D655230F18FB00B2B200 /* Frameworks */,
				3A47D656230F18FB00B2B200 /* Resources */,
				545A368AF60C3C4894516425 /* [CP] Embed Pods Frameworks */,
				3A11B5AB2315B268007B1D54 /* SwiftLint */,
				3A5AF906240D7CF900597FA6 /* Crashlytics */,
			);
			buildRules = (
			);
			dependencies = (
			);
			name = "Concentration tracker";
			productName = "Concentration tracker";
			productReference = 3A47D658230F18FB00B2B200 /* Concentration tracker.app */;
			productType = "com.apple.product-type.application";
		};
		3ACD2C83240CD6210017FABC /* ConcentrationTrackerTests */ = {
			isa = PBXNativeTarget;
			buildConfigurationList = 3ACD2C8B240CD6210017FABC /* Build configuration list for PBXNativeTarget "ConcentrationTrackerTests" */;
			buildPhases = (
				3ACD2C80240CD6210017FABC /* Sources */,
				3ACD2C81240CD6210017FABC /* Frameworks */,
				3ACD2C82240CD6210017FABC /* Resources */,
				3ACD2C95240CD9230017FABC /* SwiftLint */,
			);
			buildRules = (
			);
			dependencies = (
				3ACD2C8A240CD6210017FABC /* PBXTargetDependency */,
			);
			name = ConcentrationTrackerTests;
			productName = ConcentrationTrackerTests;
			productReference = 3ACD2C84240CD6210017FABC /* ConcentrationTrackerTests.xctest */;
			productType = "com.apple.product-type.bundle.unit-test";
		};
/* End PBXNativeTarget section */

/* Begin PBXProject section */
		3A47D650230F18FB00B2B200 /* Project object */ = {
			isa = PBXProject;
			attributes = {
				LastSwiftUpdateCheck = 1130;
				LastUpgradeCheck = 1020;
				ORGANIZATIONNAME = "Anton Kliukin";
				TargetAttributes = {
					3A47D657230F18FB00B2B200 = {
						CreatedOnToolsVersion = 10.2.1;
						SystemCapabilities = {
							com.apple.InAppPurchase = {
								enabled = 1;
							};
						};
					};
					3ACD2C83240CD6210017FABC = {
						CreatedOnToolsVersion = 11.3.1;
						TestTargetID = 3A47D657230F18FB00B2B200;
					};
				};
			};
			buildConfigurationList = 3A47D653230F18FB00B2B200 /* Build configuration list for PBXProject "Concentration tracker" */;
			compatibilityVersion = "Xcode 9.3";
			developmentRegion = en;
			hasScannedForEncodings = 0;
			knownRegions = (
				en,
				Base,
				ru,
			);
			mainGroup = 3A47D64F230F18FB00B2B200;
			productRefGroup = 3A47D659230F18FB00B2B200 /* Products */;
			projectDirPath = "";
			projectRoot = "";
			targets = (
				3A47D657230F18FB00B2B200 /* Concentration tracker */,
				3ACD2C83240CD6210017FABC /* ConcentrationTrackerTests */,
			);
		};
/* End PBXProject section */

/* Begin PBXResourcesBuildPhase section */
		3A47D656230F18FB00B2B200 /* Resources */ = {
			isa = PBXResourcesBuildPhase;
			buildActionMask = 2147483647;
			files = (
				3A0D5A19234E5E5B00F20BC3 /* CreateChallenge.storyboard in Resources */,
				3A47D67F230F1E8B00B2B200 /* Config.plist in Resources */,
				3A2F573723125EEA00212317 /* Alert.storyboard in Resources */,
				547174E3233BA78B000D2AC5 /* SourceSansPro-It.otf in Resources */,
				547174DD233BA78B000D2AC5 /* SourceSansPro-Light.otf in Resources */,
				547174E5233BA78B000D2AC5 /* MuseoSans-500Italic.otf in Resources */,
				547174DF233BA78B000D2AC5 /* Oswald-LightItalic.ttf in Resources */,
				547174E1233BA78B000D2AC5 /* MuseoSans-900Italic.otf in Resources */,
				547174ED233BA78B000D2AC5 /* Oswald-Regular.ttf in Resources */,
				547174F3233BA78B000D2AC5 /* MuseoSans-700.otf in Resources */,
				3A9F9A76237709C800022C38 /* Losing.storyboard in Resources */,
				547174F0233BA78B000D2AC5 /* MuseoSans-500.otf in Resources */,
				54325876237A01C20082DEB0 /* birds-1.mp3 in Resources */,
				3A5AF905240D7A4A00597FA6 /* GoogleService-Info.plist in Resources */,
				547174DE233BA78B000D2AC5 /* SourceSansPro-LightIt.otf in Resources */,
				547174E9233BA78B000D2AC5 /* MuseoSans-900.otf in Resources */,
				547174E6233BA78B000D2AC5 /* SourceSansPro-Regular.otf in Resources */,
				547174EB233BA78B000D2AC5 /* MuseoSans-300Italic.otf in Resources */,
				547174EC233BA78B000D2AC5 /* MuseoSans-300.otf in Resources */,
				54325878237A01C60082DEB0 /* birds-0.mp3 in Resources */,
				547174EE233BA78B000D2AC5 /* MuseoSans-100.otf in Resources */,
				54325872237A01AF0082DEB0 /* space-1.mp3 in Resources */,
				547174F4233BA78B000D2AC5 /* Oswald-DemiBold.ttf in Resources */,
				547174E4233BA78B000D2AC5 /* SourceSansPro-Bold.otf in Resources */,
				547174E2233BA78B000D2AC5 /* SIL Open Font License.txt in Resources */,
				547174F5233BA78B000D2AC5 /* Oswald-RegularItalic.ttf in Resources */,
				3A47D666230F18FC00B2B200 /* LaunchScreen.storyboard in Resources */,
				547174E8233BA78B000D2AC5 /* SourceSansPro-BlackIt.otf in Resources */,
				547174F6233BA78B000D2AC5 /* SourceSansPro-Black.otf in Resources */,
				3A008BDA231F965500B9286B /* Localizable.strings in Resources */,
				5432586E237A01A10082DEB0 /* water-1.mp3 in Resources */,
				547174F1233BA78B000D2AC5 /* MuseoSans-100Italic.otf in Resources */,
				3A47D663230F18FC00B2B200 /* Assets.xcassets in Resources */,
				54C2AB8F2378A79B00BB2D90 /* Settings.storyboard in Resources */,
				3AD068962358ED09003D30A6 /* PageNavigation.storyboard in Resources */,
				547174F7233BA78B000D2AC5 /* Oswald-Demi-BoldItalic.ttf in Resources */,
				3ACD2C7F240C2EB00017FABC /* Guide.storyboard in Resources */,
				547174F2233BA78B000D2AC5 /* SourceSansPro-Semibold.otf in Resources */,
				C13CFA1F23660F340022863E /* CurrentChallenge.storyboard in Resources */,
				54325874237A01BB0082DEB0 /* space-0.mp3 in Resources */,
				54325870237A01A80082DEB0 /* water-0.mp3 in Resources */,
				3A008BD2231F93CA00B9286B /* Localizable.stringsdict in Resources */,
				547174EA233BA78B000D2AC5 /* SourceSansPro-ExtraLightIt.otf in Resources */,
				547174F8233BA78B000D2AC5 /* Oswald-Light.ttf in Resources */,
				547174EF233BA78B000D2AC5 /* SourceSansPro-ExtraLight.otf in Resources */,
				547174E0233BA78B000D2AC5 /* SourceSansPro-SemiboldIt.otf in Resources */,
				547174F9233BA78B000D2AC5 /* MuseoSans-700Italic.otf in Resources */,
				547174E7233BA78B000D2AC5 /* SourceSansPro-BoldIt.otf in Resources */,
				3AA12733232ABDA9004206E5 /* PageCollectionViewCell.xib in Resources */,
				3A60A92E23336E520037E0A4 /* piano.wav in Resources */,
				3ACD2C5F240C2DE60017FABC /* History.storyboard in Resources */,
			);
			runOnlyForDeploymentPostprocessing = 0;
		};
		3ACD2C82240CD6210017FABC /* Resources */ = {
			isa = PBXResourcesBuildPhase;
			buildActionMask = 2147483647;
			files = (
			);
			runOnlyForDeploymentPostprocessing = 0;
		};
/* End PBXResourcesBuildPhase section */

/* Begin PBXShellScriptBuildPhase section */
		3A008BDE231FCCC600B9286B /* R.Swift */ = {
			isa = PBXShellScriptBuildPhase;
			buildActionMask = 2147483647;
			files = (
			);
			inputFileListPaths = (
			);
			inputPaths = (
				"$TEMP_DIR/rswift-lastrun",
			);
			name = R.Swift;
			outputFileListPaths = (
			);
			outputPaths = (
				$SRCROOT/R.generated.swift,
			);
			runOnlyForDeploymentPostprocessing = 0;
			shellPath = /bin/sh;
			shellScript = "\"$PODS_ROOT/R.swift/rswift\" generate \"$SRCROOT/R.generated.swift\"\n";
		};
		3A11B5AB2315B268007B1D54 /* SwiftLint */ = {
			isa = PBXShellScriptBuildPhase;
			buildActionMask = 2147483647;
			files = (
			);
			inputFileListPaths = (
			);
			inputPaths = (
			);
			name = SwiftLint;
			outputFileListPaths = (
			);
			outputPaths = (
			);
			runOnlyForDeploymentPostprocessing = 0;
			shellPath = /bin/sh;
			shellScript = "if which swiftlint >/dev/null; then\nswiftlint\nelse\necho \"warning: SwiftLint not installed, download from https://github.com/realm/SwiftLint\"\nfi\n";
		};
		3A5AF906240D7CF900597FA6 /* Crashlytics */ = {
			isa = PBXShellScriptBuildPhase;
			buildActionMask = 2147483647;
			files = (
			);
			inputFileListPaths = (
			);
			inputPaths = (
				"${DWARF_DSYM_FOLDER_PATH}/${DWARF_DSYM_FILE_NAME}/Contents/Resources/DWARF/${TARGET_NAME}",
				"$(SRCROOT)/$(BUILT_PRODUCTS_DIR)/$(INFOPLIST_PATH)",
			);
			name = Crashlytics;
			outputFileListPaths = (
			);
			outputPaths = (
			);
			runOnlyForDeploymentPostprocessing = 0;
			shellPath = /bin/sh;
			shellScript = "\"${PODS_ROOT}/FirebaseCrashlytics/run\"\n";
		};
		3ACD2C95240CD9230017FABC /* SwiftLint */ = {
			isa = PBXShellScriptBuildPhase;
			buildActionMask = 2147483647;
			files = (
			);
			inputFileListPaths = (
			);
			inputPaths = (
			);
			name = SwiftLint;
			outputFileListPaths = (
			);
			outputPaths = (
			);
			runOnlyForDeploymentPostprocessing = 0;
			shellPath = /bin/sh;
			shellScript = "if which swiftlint >/dev/null; then\nswiftlint\nelse\necho \"warning: SwiftLint not installed, download from https://github.com/realm/SwiftLint\"\nfi\n";
		};
		545A368AF60C3C4894516425 /* [CP] Embed Pods Frameworks */ = {
			isa = PBXShellScriptBuildPhase;
			buildActionMask = 2147483647;
			files = (
			);
			inputFileListPaths = (
				"${PODS_ROOT}/Target Support Files/Pods-Concentration tracker/Pods-Concentration tracker-frameworks-${CONFIGURATION}-input-files.xcfilelist",
			);
			name = "[CP] Embed Pods Frameworks";
			outputFileListPaths = (
				"${PODS_ROOT}/Target Support Files/Pods-Concentration tracker/Pods-Concentration tracker-frameworks-${CONFIGURATION}-output-files.xcfilelist",
			);
			runOnlyForDeploymentPostprocessing = 0;
			shellPath = /bin/sh;
			shellScript = "\"${PODS_ROOT}/Target Support Files/Pods-Concentration tracker/Pods-Concentration tracker-frameworks.sh\"\n";
			showEnvVarsInLog = 0;
		};
		E5A2512958F05A693BAC311C /* [CP] Check Pods Manifest.lock */ = {
			isa = PBXShellScriptBuildPhase;
			buildActionMask = 2147483647;
			files = (
			);
			inputFileListPaths = (
			);
			inputPaths = (
				"${PODS_PODFILE_DIR_PATH}/Podfile.lock",
				"${PODS_ROOT}/Manifest.lock",
			);
			name = "[CP] Check Pods Manifest.lock";
			outputFileListPaths = (
			);
			outputPaths = (
				"$(DERIVED_FILE_DIR)/Pods-Concentration tracker-checkManifestLockResult.txt",
			);
			runOnlyForDeploymentPostprocessing = 0;
			shellPath = /bin/sh;
			shellScript = "diff \"${PODS_PODFILE_DIR_PATH}/Podfile.lock\" \"${PODS_ROOT}/Manifest.lock\" > /dev/null\nif [ $? != 0 ] ; then\n    # print error to STDERR\n    echo \"error: The sandbox is not in sync with the Podfile.lock. Run 'pod install' or update your CocoaPods installation.\" >&2\n    exit 1\nfi\n# This output is used by Xcode 'outputs' to avoid re-running this script phase.\necho \"SUCCESS\" > \"${SCRIPT_OUTPUT_FILE_0}\"\n";
			showEnvVarsInLog = 0;
		};
/* End PBXShellScriptBuildPhase section */

/* Begin PBXSourcesBuildPhase section */
		3A47D654230F18FB00B2B200 /* Sources */ = {
			isa = PBXSourcesBuildPhase;
			buildActionMask = 2147483647;
			files = (
				3A47D673230F1D3600B2B200 /* NetworkService.swift in Sources */,
				3ACD2C75240C2E620017FABC /* ChallengesGatewayProtocol.swift in Sources */,
				3AC2237A2365B3710075C773 /* Result+Success.swift in Sources */,
				3A2F573523125E4000212317 /* UIViewController+Extension.swift in Sources */,
				3ACD2C60240C2DE60017FABC /* HistoryPresenter.swift in Sources */,
				3AC223732364B22A0075C773 /* ChallengeManager.swift in Sources */,
				5432587A237A094D0082DEB0 /* SongSelectCell.swift in Sources */,
				3A47D671230F1D1A00B2B200 /* NetworkError.swift in Sources */,
				3ACD2C7C240C2E620017FABC /* NSManagedObjectContext-Utils.swift in Sources */,
				546A863123845D78003DDC36 /* SoundManager.swift in Sources */,
				3ACD2C5D240C2DE60017FABC /* ChallengeCell.swift in Sources */,
				3A8DB6912413F71200225DA4 /* PageNavigationConfigurator.swift in Sources */,
				3A00A517238323DA0011ACDC /* ECKeyData.swift in Sources */,
				3A8DB68424117E1700225DA4 /* CreateChallengeConfigurator.swift in Sources */,
				3ACD2C77240C2E620017FABC /* DisplayChallengesList.swift in Sources */,
				3AD0689F235B175B003D30A6 /* PageCell.swift in Sources */,
				3A47D67D230F1E8100B2B200 /* Config.swift in Sources */,
				3ACD2C61240C2DE60017FABC /* HistoryViewController.swift in Sources */,
				3ACD2C7B240C2E620017FABC /* LocalPersistanceGateway.swift in Sources */,
				3AD068982358ED1D003D30A6 /* PageNavigationViewController.swift in Sources */,
				3A2F573A2312729800212317 /* LockStateRequestManager.swift in Sources */,
				3A0D5A1D234E5EAC00F20BC3 /* CreateChallengePresenter.swift in Sources */,
				54B9D76E2378B89D00752B2A /* MusicSelectViewController.swift in Sources */,
				54008D8D237CA0EA0072EC00 /* MusicSelectPresenter.swift in Sources */,
				3A00A50B2383187F0011ACDC /* JWT.swift in Sources */,
				C13CFA2123660F5B0022863E /* CurrentChallengeViewController.swift in Sources */,
				3A8DB68D2413EB7E00225DA4 /* CurrentChallnegeConfigurator.swift in Sources */,
				3A2F573C231272DF00212317 /* LockStateRequests.swift in Sources */,
				3A00A510238323410011ACDC /* JWTError.swift in Sources */,
				3A47D676230F1D6A00B2B200 /* RequestBuilder.swift in Sources */,
				544EC47F233BAA7300417DAF /* MainButton.swift in Sources */,
				3AA12734232ABDA9004206E5 /* PageCollectionViewCell.swift in Sources */,
				3A00A515238323BB0011ACDC /* ECPrivateKey.swift in Sources */,
				3AB765CA231BDBC1007FA888 /* Router.swift in Sources */,
				3AA12738232ABDE5004206E5 /* PageProvider.swift in Sources */,
				3A00A50D2383188A0011ACDC /* P8.swift in Sources */,
				3AC223782365AB840075C773 /* Date+Extensions.swift in Sources */,
				3A2F572F2311B51800212317 /* AlertViewController.swift in Sources */,
				3ACD2C74240C2E620017FABC /* Result.swift in Sources */,
				3A8DB6882413B05C00225DA4 /* StartChallenge.swift in Sources */,
				3AA1272E232ABC8D004206E5 /* CustomPageControl.swift in Sources */,
				3ACD2C76240C2E620017FABC /* AddChallenge.swift in Sources */,
				54C2AB8D2378A71700BB2D90 /* SettingsViewController.swift in Sources */,
				3ACD2C5E240C2DE60017FABC /* HistoryConfigurator.swift in Sources */,
				3A9F9A72237709B300022C38 /* LosingViewController.swift in Sources */,
				3ACD2C7A240C2E620017FABC /* CoreDataStack.swift in Sources */,
				3A47D682230F217200B2B200 /* KeychainService.swift in Sources */,
				3A00A4EF238194B20011ACDC /* AppLockManager.swift in Sources */,
				3A47D66F230F1CF300B2B200 /* API.swift in Sources */,
				544EC485233BB04800417DAF /* UIButton+Factory.swift in Sources */,
				3ACD2C79240C2E620017FABC /* Challenge.swift in Sources */,
				3A15514B232B7C8300265B89 /* R+Shortcuts.swift in Sources */,
				3A00A519238323EC0011ACDC /* ASN1.swift in Sources */,
				3ACD2C78240C2E620017FABC /* DeleteChallenge.swift in Sources */,
				C1FE2042234FB36A00377004 /* NotificationManager.swift in Sources */,
				54008D8B237C9F2D0072EC00 /* SongModel.swift in Sources */,
				3AB765CF231C29BE007FA888 /* ViewProtocol.swift in Sources */,
				3A8DB68F2413F5BD00225DA4 /* DisplayLastChallenge.swift in Sources */,
				3AB765CD231C299F007FA888 /* Controllers.swift in Sources */,
				3AA12730232ABD15004206E5 /* GuidePresenter.swift in Sources */,
				3A0D5A1B234E5E6F00F20BC3 /* CreateChallengeViewController.swift in Sources */,
				3AA1272A232ABC01004206E5 /* GuideViewController.swift in Sources */,
				3A8DB68A2413B41500225DA4 /* UpdateChallengeUseCase.swift in Sources */,
				3AD0689A2358F085003D30A6 /* PageNavigationPresenter.swift in Sources */,
				3A2F573323125E2600212317 /* NSObject+NameOfClass.swift in Sources */,
				3A9F9A792377200300022C38 /* PurchasesManager.swift in Sources */,
				3ACD2C7D240C2E620017FABC /* CDChallenge.swift in Sources */,
				3AA12742232ABF93004206E5 /* PageModel.swift in Sources */,
				3A47D65C230F18FB00B2B200 /* AppDelegate.swift in Sources */,
				3ACD2C50240C2D730017FABC /* DataBaseSchema.xcdatamodeld in Sources */,
				3A8DB6682410D07600225DA4 /* R.generated.swift in Sources */,
				3A2F57312311B5BF00212317 /* AlertPresenter.swift in Sources */,
				3AD068B4236026DE003D30A6 /* UIView+Extension.swift in Sources */,
				54B9D7702378B98500752B2A /* SettingsPresenter.swift in Sources */,
				3A00A513238323A20011ACDC /* Data+Extension.swift in Sources */,
				3A9F9A74237709BD00022C38 /* LosingPresenter.swift in Sources */,
				C13CFA2323660F8C0022863E /* CurrentChallengePresenter.swift in Sources */,
			);
			runOnlyForDeploymentPostprocessing = 0;
		};
		3ACD2C80240CD6210017FABC /* Sources */ = {
			isa = PBXSourcesBuildPhase;
			buildActionMask = 2147483647;
			files = (
				3ACD2C98240CDA110017FABC /* AddChallengeParameters.swift in Sources */,
				3ACD2C91240CD70E0017FABC /* NSManagedObjectContextSpy.swift in Sources */,
				3ACD2C93240CD79A0017FABC /* HistoryPresenterStub.swift in Sources */,
				3ACD2C87240CD6210017FABC /* ConcentrationTrackerTests.swift in Sources */,
				3ACD2C8F240CD6670017FABC /* InMemoryCoreDataStack.swift in Sources */,
			);
			runOnlyForDeploymentPostprocessing = 0;
		};
/* End PBXSourcesBuildPhase section */

/* Begin PBXTargetDependency section */
		3ACD2C8A240CD6210017FABC /* PBXTargetDependency */ = {
			isa = PBXTargetDependency;
			target = 3A47D657230F18FB00B2B200 /* Concentration tracker */;
			targetProxy = 3ACD2C89240CD6210017FABC /* PBXContainerItemProxy */;
		};
/* End PBXTargetDependency section */

/* Begin PBXVariantGroup section */
		3A008BD4231F93CA00B9286B /* Localizable.stringsdict */ = {
			isa = PBXVariantGroup;
			children = (
				3A008BD3231F93CA00B9286B /* en */,
				3A008BD5231F93FA00B9286B /* ru */,
			);
			name = Localizable.stringsdict;
			sourceTree = "<group>";
		};
		3A008BDC231F965500B9286B /* Localizable.strings */ = {
			isa = PBXVariantGroup;
			children = (
				3A008BDB231F965500B9286B /* ru */,
				3A008BDD231F966400B9286B /* en */,
			);
			name = Localizable.strings;
			sourceTree = "<group>";
		};
		3A47D664230F18FC00B2B200 /* LaunchScreen.storyboard */ = {
			isa = PBXVariantGroup;
			children = (
				3A47D665230F18FC00B2B200 /* Base */,
				3A008BD6231F93FA00B9286B /* ru */,
			);
			name = LaunchScreen.storyboard;
			sourceTree = "<group>";
		};
/* End PBXVariantGroup section */

/* Begin XCBuildConfiguration section */
		3A47D668230F18FC00B2B200 /* Debug */ = {
			isa = XCBuildConfiguration;
			buildSettings = {
				ALWAYS_SEARCH_USER_PATHS = NO;
				CLANG_ANALYZER_LOCALIZABILITY_NONLOCALIZED = YES;
				CLANG_ANALYZER_NONNULL = YES;
				CLANG_ANALYZER_NUMBER_OBJECT_CONVERSION = YES_AGGRESSIVE;
				CLANG_CXX_LANGUAGE_STANDARD = "gnu++14";
				CLANG_CXX_LIBRARY = "libc++";
				CLANG_ENABLE_MODULES = YES;
				CLANG_ENABLE_OBJC_ARC = YES;
				CLANG_ENABLE_OBJC_WEAK = YES;
				CLANG_WARN_BLOCK_CAPTURE_AUTORELEASING = YES;
				CLANG_WARN_BOOL_CONVERSION = YES;
				CLANG_WARN_COMMA = YES;
				CLANG_WARN_CONSTANT_CONVERSION = YES;
				CLANG_WARN_DEPRECATED_OBJC_IMPLEMENTATIONS = YES;
				CLANG_WARN_DIRECT_OBJC_ISA_USAGE = YES_ERROR;
				CLANG_WARN_DOCUMENTATION_COMMENTS = YES;
				CLANG_WARN_EMPTY_BODY = YES;
				CLANG_WARN_ENUM_CONVERSION = YES;
				CLANG_WARN_INFINITE_RECURSION = YES;
				CLANG_WARN_INT_CONVERSION = YES;
				CLANG_WARN_NON_LITERAL_NULL_CONVERSION = YES;
				CLANG_WARN_OBJC_IMPLICIT_RETAIN_SELF = YES;
				CLANG_WARN_OBJC_LITERAL_CONVERSION = YES;
				CLANG_WARN_OBJC_ROOT_CLASS = YES_ERROR;
				CLANG_WARN_RANGE_LOOP_ANALYSIS = YES;
				CLANG_WARN_STRICT_PROTOTYPES = YES;
				CLANG_WARN_SUSPICIOUS_MOVE = YES;
				CLANG_WARN_UNGUARDED_AVAILABILITY = YES_AGGRESSIVE;
				CLANG_WARN_UNREACHABLE_CODE = YES;
				CLANG_WARN__DUPLICATE_METHOD_MATCH = YES;
				CODE_SIGN_IDENTITY = "iPhone Developer";
				COPY_PHASE_STRIP = NO;
				DEBUG_INFORMATION_FORMAT = dwarf;
				ENABLE_STRICT_OBJC_MSGSEND = YES;
				ENABLE_TESTABILITY = YES;
				GCC_C_LANGUAGE_STANDARD = gnu11;
				GCC_DYNAMIC_NO_PIC = NO;
				GCC_NO_COMMON_BLOCKS = YES;
				GCC_OPTIMIZATION_LEVEL = 0;
				GCC_PREPROCESSOR_DEFINITIONS = (
					"DEBUG=1",
					"$(inherited)",
				);
				GCC_WARN_64_TO_32_BIT_CONVERSION = YES;
				GCC_WARN_ABOUT_RETURN_TYPE = YES_ERROR;
				GCC_WARN_UNDECLARED_SELECTOR = YES;
				GCC_WARN_UNINITIALIZED_AUTOS = YES_AGGRESSIVE;
				GCC_WARN_UNUSED_FUNCTION = YES;
				GCC_WARN_UNUSED_VARIABLE = YES;
				IPHONEOS_DEPLOYMENT_TARGET = 11.0;
				MTL_ENABLE_DEBUG_INFO = INCLUDE_SOURCE;
				MTL_FAST_MATH = YES;
				ONLY_ACTIVE_ARCH = YES;
				SDKROOT = iphoneos;
				SWIFT_ACTIVE_COMPILATION_CONDITIONS = DEBUG;
				SWIFT_OPTIMIZATION_LEVEL = "-Onone";
			};
			name = Debug;
		};
		3A47D669230F18FC00B2B200 /* Release */ = {
			isa = XCBuildConfiguration;
			buildSettings = {
				ALWAYS_SEARCH_USER_PATHS = NO;
				CLANG_ANALYZER_LOCALIZABILITY_NONLOCALIZED = YES;
				CLANG_ANALYZER_NONNULL = YES;
				CLANG_ANALYZER_NUMBER_OBJECT_CONVERSION = YES_AGGRESSIVE;
				CLANG_CXX_LANGUAGE_STANDARD = "gnu++14";
				CLANG_CXX_LIBRARY = "libc++";
				CLANG_ENABLE_MODULES = YES;
				CLANG_ENABLE_OBJC_ARC = YES;
				CLANG_ENABLE_OBJC_WEAK = YES;
				CLANG_WARN_BLOCK_CAPTURE_AUTORELEASING = YES;
				CLANG_WARN_BOOL_CONVERSION = YES;
				CLANG_WARN_COMMA = YES;
				CLANG_WARN_CONSTANT_CONVERSION = YES;
				CLANG_WARN_DEPRECATED_OBJC_IMPLEMENTATIONS = YES;
				CLANG_WARN_DIRECT_OBJC_ISA_USAGE = YES_ERROR;
				CLANG_WARN_DOCUMENTATION_COMMENTS = YES;
				CLANG_WARN_EMPTY_BODY = YES;
				CLANG_WARN_ENUM_CONVERSION = YES;
				CLANG_WARN_INFINITE_RECURSION = YES;
				CLANG_WARN_INT_CONVERSION = YES;
				CLANG_WARN_NON_LITERAL_NULL_CONVERSION = YES;
				CLANG_WARN_OBJC_IMPLICIT_RETAIN_SELF = YES;
				CLANG_WARN_OBJC_LITERAL_CONVERSION = YES;
				CLANG_WARN_OBJC_ROOT_CLASS = YES_ERROR;
				CLANG_WARN_RANGE_LOOP_ANALYSIS = YES;
				CLANG_WARN_STRICT_PROTOTYPES = YES;
				CLANG_WARN_SUSPICIOUS_MOVE = YES;
				CLANG_WARN_UNGUARDED_AVAILABILITY = YES_AGGRESSIVE;
				CLANG_WARN_UNREACHABLE_CODE = YES;
				CLANG_WARN__DUPLICATE_METHOD_MATCH = YES;
				CODE_SIGN_IDENTITY = "iPhone Developer";
				COPY_PHASE_STRIP = NO;
				DEBUG_INFORMATION_FORMAT = "dwarf-with-dsym";
				ENABLE_NS_ASSERTIONS = NO;
				ENABLE_STRICT_OBJC_MSGSEND = YES;
				GCC_C_LANGUAGE_STANDARD = gnu11;
				GCC_NO_COMMON_BLOCKS = YES;
				GCC_WARN_64_TO_32_BIT_CONVERSION = YES;
				GCC_WARN_ABOUT_RETURN_TYPE = YES_ERROR;
				GCC_WARN_UNDECLARED_SELECTOR = YES;
				GCC_WARN_UNINITIALIZED_AUTOS = YES_AGGRESSIVE;
				GCC_WARN_UNUSED_FUNCTION = YES;
				GCC_WARN_UNUSED_VARIABLE = YES;
				IPHONEOS_DEPLOYMENT_TARGET = 11.0;
				MTL_ENABLE_DEBUG_INFO = NO;
				MTL_FAST_MATH = YES;
				SDKROOT = iphoneos;
				SWIFT_COMPILATION_MODE = wholemodule;
				SWIFT_OPTIMIZATION_LEVEL = "-O";
				VALIDATE_PRODUCT = YES;
			};
			name = Release;
		};
		3A47D66B230F18FC00B2B200 /* Debug */ = {
			isa = XCBuildConfiguration;
			baseConfigurationReference = 6EAA0EA7AAB1BA0601FC3C40 /* Pods-Concentration tracker.debug.xcconfig */;
			buildSettings = {
				ASSETCATALOG_COMPILER_APPICON_NAME = AppIcon;
				CODE_SIGN_STYLE = Automatic;
				DEBUG_INFORMATION_FORMAT = "dwarf-with-dsym";
				DEVELOPMENT_TEAM = YJ66LV4LL7;
				INFOPLIST_FILE = "$(SRCROOT)/Concentration tracker/Application/Info.plist";
				IPHONEOS_DEPLOYMENT_TARGET = 11.0;
				LD_RUNPATH_SEARCH_PATHS = (
					"$(inherited)",
					"@executable_path/Frameworks",
				);
				MARKETING_VERSION = 0.1;
				PRODUCT_BUNDLE_IDENTIFIER = com.antonkliukin.concentrationTracker;
				PRODUCT_NAME = "$(TARGET_NAME)";
				SWIFT_VERSION = 5.0;
				TARGETED_DEVICE_FAMILY = "1,2";
			};
			name = Debug;
		};
		3A47D66C230F18FC00B2B200 /* Release */ = {
			isa = XCBuildConfiguration;
			baseConfigurationReference = C01F4A87855913F92D58FEA5 /* Pods-Concentration tracker.release.xcconfig */;
			buildSettings = {
				ASSETCATALOG_COMPILER_APPICON_NAME = AppIcon;
				CODE_SIGN_STYLE = Automatic;
				DEVELOPMENT_TEAM = YJ66LV4LL7;
				INFOPLIST_FILE = "$(SRCROOT)/Concentration tracker/Application/Info.plist";
				IPHONEOS_DEPLOYMENT_TARGET = 11.0;
				LD_RUNPATH_SEARCH_PATHS = (
					"$(inherited)",
					"@executable_path/Frameworks",
				);
				MARKETING_VERSION = 0.1;
				PRODUCT_BUNDLE_IDENTIFIER = com.antonkliukin.concentrationTracker;
				PRODUCT_NAME = "$(TARGET_NAME)";
				SWIFT_VERSION = 5.0;
				TARGETED_DEVICE_FAMILY = "1,2";
			};
			name = Release;
		};
		3ACD2C8C240CD6210017FABC /* Debug */ = {
			isa = XCBuildConfiguration;
			buildSettings = {
				BUNDLE_LOADER = "$(TEST_HOST)";
				CODE_SIGN_STYLE = Automatic;
				DEVELOPMENT_TEAM = YJ66LV4LL7;
				HEADER_SEARCH_PATHS = "";
				INFOPLIST_FILE = ConcentrationTrackerTests/Info.plist;
				IPHONEOS_DEPLOYMENT_TARGET = 13.2;
				LD_RUNPATH_SEARCH_PATHS = (
					"$(inherited)",
					"@executable_path/Frameworks",
					"@loader_path/Frameworks",
				);
				PRODUCT_BUNDLE_IDENTIFIER = com.antonkliukin.ConcentrationTrackerTests;
				PRODUCT_NAME = "$(TARGET_NAME)";
				SWIFT_VERSION = 5.0;
				TARGETED_DEVICE_FAMILY = "1,2";
				TEST_HOST = "$(BUILT_PRODUCTS_DIR)/Concentration tracker.app/Concentration tracker";
			};
			name = Debug;
		};
		3ACD2C8D240CD6210017FABC /* Release */ = {
			isa = XCBuildConfiguration;
			buildSettings = {
				BUNDLE_LOADER = "$(TEST_HOST)";
				CODE_SIGN_STYLE = Automatic;
				DEVELOPMENT_TEAM = YJ66LV4LL7;
				HEADER_SEARCH_PATHS = "";
				INFOPLIST_FILE = ConcentrationTrackerTests/Info.plist;
				IPHONEOS_DEPLOYMENT_TARGET = 13.2;
				LD_RUNPATH_SEARCH_PATHS = (
					"$(inherited)",
					"@executable_path/Frameworks",
					"@loader_path/Frameworks",
				);
				PRODUCT_BUNDLE_IDENTIFIER = com.antonkliukin.ConcentrationTrackerTests;
				PRODUCT_NAME = "$(TARGET_NAME)";
				SWIFT_VERSION = 5.0;
				TARGETED_DEVICE_FAMILY = "1,2";
				TEST_HOST = "$(BUILT_PRODUCTS_DIR)/Concentration tracker.app/Concentration tracker";
			};
			name = Release;
		};
/* End XCBuildConfiguration section */

/* Begin XCConfigurationList section */
		3A47D653230F18FB00B2B200 /* Build configuration list for PBXProject "Concentration tracker" */ = {
			isa = XCConfigurationList;
			buildConfigurations = (
				3A47D668230F18FC00B2B200 /* Debug */,
				3A47D669230F18FC00B2B200 /* Release */,
			);
			defaultConfigurationIsVisible = 0;
			defaultConfigurationName = Debug;
		};
		3A47D66A230F18FC00B2B200 /* Build configuration list for PBXNativeTarget "Concentration tracker" */ = {
			isa = XCConfigurationList;
			buildConfigurations = (
				3A47D66B230F18FC00B2B200 /* Debug */,
				3A47D66C230F18FC00B2B200 /* Release */,
			);
			defaultConfigurationIsVisible = 0;
			defaultConfigurationName = Debug;
		};
		3ACD2C8B240CD6210017FABC /* Build configuration list for PBXNativeTarget "ConcentrationTrackerTests" */ = {
			isa = XCConfigurationList;
			buildConfigurations = (
				3ACD2C8C240CD6210017FABC /* Debug */,
				3ACD2C8D240CD6210017FABC /* Release */,
			);
			defaultConfigurationIsVisible = 0;
			defaultConfigurationName = Debug;
		};
/* End XCConfigurationList section */

/* Begin XCVersionGroup section */
		3ACD2C48240C2D730017FABC /* DataBaseSchema.xcdatamodeld */ = {
			isa = XCVersionGroup;
			children = (
				3ACD2C49240C2D730017FABC /* ChallengeCoreData.xcdatamodel */,
			);
			currentVersion = 3ACD2C49240C2D730017FABC /* ChallengeCoreData.xcdatamodel */;
			path = DataBaseSchema.xcdatamodeld;
			sourceTree = "<group>";
			versionGroupType = wrapper.xcdatamodel;
		};
/* End XCVersionGroup section */
	};
	rootObject = 3A47D650230F18FB00B2B200 /* Project object */;
}
